// !$*UTF8*$!
{
	archiveVersion = 1;
	classes = {
	};
	objectVersion = 56;
	objects = {

/* Begin PBXBuildFile section */
		4E027BBB2A5D8C43009CB092 /* Flag.swift in Sources */ = {isa = PBXBuildFile; fileRef = 4E027BBA2A5D8C43009CB092 /* Flag.swift */; };
		4E2AFDE02AAB57A700E00A1B /* GameOverView.swift in Sources */ = {isa = PBXBuildFile; fileRef = 4E2AFDDF2AAB57A700E00A1B /* GameOverView.swift */; };
		4E4923A82AAB4464002B65BC /* CAGradientLayer+Randomized.swift in Sources */ = {isa = PBXBuildFile; fileRef = 4E4923A72AAB4464002B65BC /* CAGradientLayer+Randomized.swift */; };
		4E4923AA2AAB4577002B65BC /* CAGradientLayer+Entitys.swift in Sources */ = {isa = PBXBuildFile; fileRef = 4E4923A92AAB4577002B65BC /* CAGradientLayer+Entitys.swift */; };
		4E5EB6DE2AA620F90074C7B5 /* Routable.swift in Sources */ = {isa = PBXBuildFile; fileRef = 4E5EB6DD2AA620F90074C7B5 /* Routable.swift */; };
		4E5EB6E02AA622770074C7B5 /* Router.swift in Sources */ = {isa = PBXBuildFile; fileRef = 4E5EB6DF2AA622770074C7B5 /* Router.swift */; };
		4E5EB6E22AA625F30074C7B5 /* Buildable.swift in Sources */ = {isa = PBXBuildFile; fileRef = 4E5EB6E12AA625F30074C7B5 /* Buildable.swift */; };
		4E5EB6E42AA6278D0074C7B5 /* Builder.swift in Sources */ = {isa = PBXBuildFile; fileRef = 4E5EB6E32AA6278D0074C7B5 /* Builder.swift */; };
		4E5EB6E62AA636620074C7B5 /* MenuPresenter.swift in Sources */ = {isa = PBXBuildFile; fileRef = 4E5EB6E52AA636620074C7B5 /* MenuPresenter.swift */; };
		4E64AD922A602AF200A7E40C /* PlayBoardPresenter.swift in Sources */ = {isa = PBXBuildFile; fileRef = 4E64AD912A602AF200A7E40C /* PlayBoardPresenter.swift */; };
		4E7FAB3C2A9F7A170020C771 /* MenuViewController.swift in Sources */ = {isa = PBXBuildFile; fileRef = 4E7FAB3B2A9F7A170020C771 /* MenuViewController.swift */; };
		4E7FAB3E2A9F8B360020C771 /* MenuView.swift in Sources */ = {isa = PBXBuildFile; fileRef = 4E7FAB3D2A9F8B360020C771 /* MenuView.swift */; };
		4E8460B02AA0DD4A00624DD2 /* CAGradientLayer+Animation.swift in Sources */ = {isa = PBXBuildFile; fileRef = 4E8460AF2AA0DD4A00624DD2 /* CAGradientLayer+Animation.swift */; };
		4E86D6082A55B75900E23388 /* PlayBoardView.swift in Sources */ = {isa = PBXBuildFile; fileRef = 4E86D6072A55B75900E23388 /* PlayBoardView.swift */; };
		4E86D60A2A56EBCD00E23388 /* Level.swift in Sources */ = {isa = PBXBuildFile; fileRef = 4E86D6092A56EBCD00E23388 /* Level.swift */; };
		4E98C57B2A5890040034522B /* Emoji.swift in Sources */ = {isa = PBXBuildFile; fileRef = 4E98C57A2A5890040034522B /* Emoji.swift */; };
		4ED35E3E2A55B145004B54AC /* AppDelegate.swift in Sources */ = {isa = PBXBuildFile; fileRef = 4ED35E3D2A55B145004B54AC /* AppDelegate.swift */; };
		4ED35E402A55B145004B54AC /* SceneDelegate.swift in Sources */ = {isa = PBXBuildFile; fileRef = 4ED35E3F2A55B145004B54AC /* SceneDelegate.swift */; };
		4ED35E422A55B145004B54AC /* PlayBoardViewController.swift in Sources */ = {isa = PBXBuildFile; fileRef = 4ED35E412A55B145004B54AC /* PlayBoardViewController.swift */; };
		4ED35E472A55B146004B54AC /* Assets.xcassets in Resources */ = {isa = PBXBuildFile; fileRef = 4ED35E462A55B146004B54AC /* Assets.xcassets */; };
		4ED35E4A2A55B146004B54AC /* LaunchScreen.storyboard in Resources */ = {isa = PBXBuildFile; fileRef = 4ED35E482A55B146004B54AC /* LaunchScreen.storyboard */; };
		4EF61F5B2A5778DA00E79C74 /* CardView.swift in Sources */ = {isa = PBXBuildFile; fileRef = 4EF61F5A2A5778DA00E79C74 /* CardView.swift */; };
/* End PBXBuildFile section */

/* Begin PBXFileReference section */
		4E027BBA2A5D8C43009CB092 /* Flag.swift */ = {isa = PBXFileReference; lastKnownFileType = sourcecode.swift; path = Flag.swift; sourceTree = "<group>"; };
		4E2AFDDF2AAB57A700E00A1B /* GameOverView.swift */ = {isa = PBXFileReference; lastKnownFileType = sourcecode.swift; path = GameOverView.swift; sourceTree = "<group>"; };
		4E4923A72AAB4464002B65BC /* CAGradientLayer+Randomized.swift */ = {isa = PBXFileReference; lastKnownFileType = sourcecode.swift; path = "CAGradientLayer+Randomized.swift"; sourceTree = "<group>"; };
		4E4923A92AAB4577002B65BC /* CAGradientLayer+Entitys.swift */ = {isa = PBXFileReference; lastKnownFileType = sourcecode.swift; path = "CAGradientLayer+Entitys.swift"; sourceTree = "<group>"; };
		4E5EB6DD2AA620F90074C7B5 /* Routable.swift */ = {isa = PBXFileReference; lastKnownFileType = sourcecode.swift; path = Routable.swift; sourceTree = "<group>"; };
		4E5EB6DF2AA622770074C7B5 /* Router.swift */ = {isa = PBXFileReference; lastKnownFileType = sourcecode.swift; path = Router.swift; sourceTree = "<group>"; };
		4E5EB6E12AA625F30074C7B5 /* Buildable.swift */ = {isa = PBXFileReference; lastKnownFileType = sourcecode.swift; path = Buildable.swift; sourceTree = "<group>"; };
		4E5EB6E32AA6278D0074C7B5 /* Builder.swift */ = {isa = PBXFileReference; lastKnownFileType = sourcecode.swift; path = Builder.swift; sourceTree = "<group>"; };
		4E5EB6E52AA636620074C7B5 /* MenuPresenter.swift */ = {isa = PBXFileReference; lastKnownFileType = sourcecode.swift; path = MenuPresenter.swift; sourceTree = "<group>"; };
		4E64AD912A602AF200A7E40C /* PlayBoardPresenter.swift */ = {isa = PBXFileReference; lastKnownFileType = sourcecode.swift; path = PlayBoardPresenter.swift; sourceTree = "<group>"; };
		4E7FAB3B2A9F7A170020C771 /* MenuViewController.swift */ = {isa = PBXFileReference; lastKnownFileType = sourcecode.swift; path = MenuViewController.swift; sourceTree = "<group>"; };
		4E7FAB3D2A9F8B360020C771 /* MenuView.swift */ = {isa = PBXFileReference; lastKnownFileType = sourcecode.swift; path = MenuView.swift; sourceTree = "<group>"; };
		4E8460AF2AA0DD4A00624DD2 /* CAGradientLayer+Animation.swift */ = {isa = PBXFileReference; lastKnownFileType = sourcecode.swift; path = "CAGradientLayer+Animation.swift"; sourceTree = "<group>"; };
		4E86D6072A55B75900E23388 /* PlayBoardView.swift */ = {isa = PBXFileReference; lastKnownFileType = sourcecode.swift; path = PlayBoardView.swift; sourceTree = "<group>"; };
		4E86D6092A56EBCD00E23388 /* Level.swift */ = {isa = PBXFileReference; lastKnownFileType = sourcecode.swift; path = Level.swift; sourceTree = "<group>"; };
		4E98C57A2A5890040034522B /* Emoji.swift */ = {isa = PBXFileReference; lastKnownFileType = sourcecode.swift; path = Emoji.swift; sourceTree = "<group>"; };
		4ED35E3A2A55B145004B54AC /* EmojiMatchingGame.app */ = {isa = PBXFileReference; explicitFileType = wrapper.application; includeInIndex = 0; path = EmojiMatchingGame.app; sourceTree = BUILT_PRODUCTS_DIR; };
		4ED35E3D2A55B145004B54AC /* AppDelegate.swift */ = {isa = PBXFileReference; lastKnownFileType = sourcecode.swift; path = AppDelegate.swift; sourceTree = "<group>"; };
		4ED35E3F2A55B145004B54AC /* SceneDelegate.swift */ = {isa = PBXFileReference; lastKnownFileType = sourcecode.swift; path = SceneDelegate.swift; sourceTree = "<group>"; };
		4ED35E412A55B145004B54AC /* PlayBoardViewController.swift */ = {isa = PBXFileReference; lastKnownFileType = sourcecode.swift; path = PlayBoardViewController.swift; sourceTree = "<group>"; };
		4ED35E462A55B146004B54AC /* Assets.xcassets */ = {isa = PBXFileReference; lastKnownFileType = folder.assetcatalog; path = Assets.xcassets; sourceTree = "<group>"; };
		4ED35E492A55B146004B54AC /* Base */ = {isa = PBXFileReference; lastKnownFileType = file.storyboard; name = Base; path = Base.lproj/LaunchScreen.storyboard; sourceTree = "<group>"; };
		4ED35E4B2A55B146004B54AC /* Info.plist */ = {isa = PBXFileReference; lastKnownFileType = text.plist.xml; path = Info.plist; sourceTree = "<group>"; };
		4EF61F5A2A5778DA00E79C74 /* CardView.swift */ = {isa = PBXFileReference; lastKnownFileType = sourcecode.swift; path = CardView.swift; sourceTree = "<group>"; };
/* End PBXFileReference section */

/* Begin PBXFrameworksBuildPhase section */
		4ED35E372A55B145004B54AC /* Frameworks */ = {
			isa = PBXFrameworksBuildPhase;
			buildActionMask = 2147483647;
			files = (
			);
			runOnlyForDeploymentPostprocessing = 0;
		};
/* End PBXFrameworksBuildPhase section */

/* Begin PBXGroup section */
		4E027BBC2A5DAAB6009CB092 /* Services */ = {
			isa = PBXGroup;
			children = (
				4E98C57A2A5890040034522B /* Emoji.swift */,
				4E027BBA2A5D8C43009CB092 /* Flag.swift */,
			);
			path = Services;
			sourceTree = "<group>";
		};
		4E17E23B2A66DF2F00391454 /* Entities */ = {
			isa = PBXGroup;
			children = (
				4E86D6092A56EBCD00E23388 /* Level.swift */,
			);
			path = Entities;
			sourceTree = "<group>";
		};
		4E17E23C2A66DF5200391454 /* Core */ = {
			isa = PBXGroup;
			children = (
				4E4923A62AAB4409002B65BC /* Extentions */,
			);
			path = Core;
			sourceTree = "<group>";
		};
		4E4923A62AAB4409002B65BC /* Extentions */ = {
			isa = PBXGroup;
			children = (
				4E4923A92AAB4577002B65BC /* CAGradientLayer+Entitys.swift */,
				4E4923A72AAB4464002B65BC /* CAGradientLayer+Randomized.swift */,
				4E8460AF2AA0DD4A00624DD2 /* CAGradientLayer+Animation.swift */,
			);
			path = Extentions;
			sourceTree = "<group>";
		};
		4E5EB6DA2AA61E280074C7B5 /* Router */ = {
			isa = PBXGroup;
			children = (
				4E5EB6DD2AA620F90074C7B5 /* Routable.swift */,
				4E5EB6DF2AA622770074C7B5 /* Router.swift */,
			);
			path = Router;
			sourceTree = "<group>";
		};
		4E5EB6DB2AA61E630074C7B5 /* Assembly */ = {
			isa = PBXGroup;
			children = (
				4E5EB6E12AA625F30074C7B5 /* Buildable.swift */,
				4E5EB6E32AA6278D0074C7B5 /* Builder.swift */,
			);
			path = Assembly;
			sourceTree = "<group>";
		};
		4E5EB6DC2AA61E9D0074C7B5 /* Resources  */ = {
			isa = PBXGroup;
			children = (
				4ED35E462A55B146004B54AC /* Assets.xcassets */,
				4ED35E482A55B146004B54AC /* LaunchScreen.storyboard */,
			);
			path = "Resources ";
			sourceTree = "<group>";
		};
		4E64AD8F2A602A5100A7E40C /* Presenter */ = {
			isa = PBXGroup;
			children = (
				4E64AD912A602AF200A7E40C /* PlayBoardPresenter.swift */,
			);
			path = Presenter;
			sourceTree = "<group>";
		};
		4E7FAB362A9F797D0020C771 /* App */ = {
			isa = PBXGroup;
			children = (
				4E7FAB372A9F79AD0020C771 /* Menu */,
				4E86D6042A55B6E800E23388 /* PlayBoard */,
				4ED35E3D2A55B145004B54AC /* AppDelegate.swift */,
				4ED35E3F2A55B145004B54AC /* SceneDelegate.swift */,
			);
			path = App;
			sourceTree = "<group>";
		};
		4E7FAB372A9F79AD0020C771 /* Menu */ = {
			isa = PBXGroup;
			children = (
				4E7FAB382A9F79D50020C771 /* View */,
				4E7FAB392A9F79DC0020C771 /* ViewController */,
				4E7FAB3A2A9F79E40020C771 /* Presenter */,
			);
			path = Menu;
			sourceTree = "<group>";
		};
		4E7FAB382A9F79D50020C771 /* View */ = {
			isa = PBXGroup;
			children = (
				4E7FAB3D2A9F8B360020C771 /* MenuView.swift */,
			);
			path = View;
			sourceTree = "<group>";
		};
		4E7FAB392A9F79DC0020C771 /* ViewController */ = {
			isa = PBXGroup;
			children = (
				4E7FAB3B2A9F7A170020C771 /* MenuViewController.swift */,
			);
			path = ViewController;
			sourceTree = "<group>";
		};
		4E7FAB3A2A9F79E40020C771 /* Presenter */ = {
			isa = PBXGroup;
			children = (
				4E5EB6E52AA636620074C7B5 /* MenuPresenter.swift */,
			);
			path = Presenter;
			sourceTree = "<group>";
		};
		4E86D6042A55B6E800E23388 /* PlayBoard */ = {
			isa = PBXGroup;
			children = (
				4E86D6052A55B71200E23388 /* View */,
				4E86D6062A55B73400E23388 /* ViewController */,
				4E64AD8F2A602A5100A7E40C /* Presenter */,
			);
			path = PlayBoard;
			sourceTree = "<group>";
		};
		4E86D6052A55B71200E23388 /* View */ = {
			isa = PBXGroup;
			children = (
				4E86D6072A55B75900E23388 /* PlayBoardView.swift */,
				4EF61F5A2A5778DA00E79C74 /* CardView.swift */,
				4E2AFDDF2AAB57A700E00A1B /* GameOverView.swift */,
			);
			path = View;
			sourceTree = "<group>";
		};
		4E86D6062A55B73400E23388 /* ViewController */ = {
			isa = PBXGroup;
			children = (
				4ED35E412A55B145004B54AC /* PlayBoardViewController.swift */,
			);
			path = ViewController;
			sourceTree = "<group>";
		};
		4ED35E312A55B145004B54AC = {
			isa = PBXGroup;
			children = (
				4ED35E3C2A55B145004B54AC /* EmojiMatchingGame */,
				4ED35E3B2A55B145004B54AC /* Products */,
			);
			sourceTree = "<group>";
		};
		4ED35E3B2A55B145004B54AC /* Products */ = {
			isa = PBXGroup;
			children = (
				4ED35E3A2A55B145004B54AC /* EmojiMatchingGame.app */,
			);
			name = Products;
			sourceTree = "<group>";
		};
		4ED35E3C2A55B145004B54AC /* EmojiMatchingGame */ = {
			isa = PBXGroup;
			children = (
				4E5EB6DC2AA61E9D0074C7B5 /* Resources  */,
				4E17E23B2A66DF2F00391454 /* Entities */,
				4E17E23C2A66DF5200391454 /* Core */,
				4E027BBC2A5DAAB6009CB092 /* Services */,
				4E5EB6DB2AA61E630074C7B5 /* Assembly */,
				4E5EB6DA2AA61E280074C7B5 /* Router */,
				4E7FAB362A9F797D0020C771 /* App */,
				4ED35E4B2A55B146004B54AC /* Info.plist */,
			);
			path = EmojiMatchingGame;
			sourceTree = "<group>";
		};
/* End PBXGroup section */

/* Begin PBXNativeTarget section */
		4ED35E392A55B145004B54AC /* EmojiMatchingGame */ = {
			isa = PBXNativeTarget;
			buildConfigurationList = 4ED35E4E2A55B146004B54AC /* Build configuration list for PBXNativeTarget "EmojiMatchingGame" */;
			buildPhases = (
				4ED35E362A55B145004B54AC /* Sources */,
				4ED35E372A55B145004B54AC /* Frameworks */,
				4ED35E382A55B145004B54AC /* Resources */,
			);
			buildRules = (
			);
			dependencies = (
			);
			name = EmojiMatchingGame;
			productName = EmojiMatchingGame;
			productReference = 4ED35E3A2A55B145004B54AC /* EmojiMatchingGame.app */;
			productType = "com.apple.product-type.application";
		};
/* End PBXNativeTarget section */

/* Begin PBXProject section */
		4ED35E322A55B145004B54AC /* Project object */ = {
			isa = PBXProject;
			attributes = {
				BuildIndependentTargetsInParallel = 1;
				LastSwiftUpdateCheck = 1430;
				LastUpgradeCheck = 1430;
				TargetAttributes = {
					4ED35E392A55B145004B54AC = {
						CreatedOnToolsVersion = 14.3.1;
					};
				};
			};
			buildConfigurationList = 4ED35E352A55B145004B54AC /* Build configuration list for PBXProject "EmojiMatchingGame" */;
			compatibilityVersion = "Xcode 14.0";
			developmentRegion = en;
			hasScannedForEncodings = 0;
			knownRegions = (
				en,
				Base,
			);
			mainGroup = 4ED35E312A55B145004B54AC;
			productRefGroup = 4ED35E3B2A55B145004B54AC /* Products */;
			projectDirPath = "";
			projectRoot = "";
			targets = (
				4ED35E392A55B145004B54AC /* EmojiMatchingGame */,
			);
		};
/* End PBXProject section */

/* Begin PBXResourcesBuildPhase section */
		4ED35E382A55B145004B54AC /* Resources */ = {
			isa = PBXResourcesBuildPhase;
			buildActionMask = 2147483647;
			files = (
				4ED35E4A2A55B146004B54AC /* LaunchScreen.storyboard in Resources */,
				4ED35E472A55B146004B54AC /* Assets.xcassets in Resources */,
			);
			runOnlyForDeploymentPostprocessing = 0;
		};
/* End PBXResourcesBuildPhase section */

/* Begin PBXSourcesBuildPhase section */
		4ED35E362A55B145004B54AC /* Sources */ = {
			isa = PBXSourcesBuildPhase;
			buildActionMask = 2147483647;
			files = (
				4ED35E422A55B145004B54AC /* PlayBoardViewController.swift in Sources */,
				4E7FAB3E2A9F8B360020C771 /* MenuView.swift in Sources */,
				4E5EB6DE2AA620F90074C7B5 /* Routable.swift in Sources */,
				4E5EB6E22AA625F30074C7B5 /* Buildable.swift in Sources */,
				4ED35E3E2A55B145004B54AC /* AppDelegate.swift in Sources */,
				4E98C57B2A5890040034522B /* Emoji.swift in Sources */,
				4E7FAB3C2A9F7A170020C771 /* MenuViewController.swift in Sources */,
				4E4923AA2AAB4577002B65BC /* CAGradientLayer+Entitys.swift in Sources */,
				4E027BBB2A5D8C43009CB092 /* Flag.swift in Sources */,
				4E5EB6E62AA636620074C7B5 /* MenuPresenter.swift in Sources */,
				4E2AFDE02AAB57A700E00A1B /* GameOverView.swift in Sources */,
				4E8460B02AA0DD4A00624DD2 /* CAGradientLayer+Animation.swift in Sources */,
				4E64AD922A602AF200A7E40C /* PlayBoardPresenter.swift in Sources */,
				4ED35E402A55B145004B54AC /* SceneDelegate.swift in Sources */,
				4E5EB6E02AA622770074C7B5 /* Router.swift in Sources */,
				4E86D60A2A56EBCD00E23388 /* Level.swift in Sources */,
				4EF61F5B2A5778DA00E79C74 /* CardView.swift in Sources */,
				4E86D6082A55B75900E23388 /* PlayBoardView.swift in Sources */,
				4E4923A82AAB4464002B65BC /* CAGradientLayer+Randomized.swift in Sources */,
				4E5EB6E42AA6278D0074C7B5 /* Builder.swift in Sources */,
			);
			runOnlyForDeploymentPostprocessing = 0;
		};
/* End PBXSourcesBuildPhase section */

/* Begin PBXVariantGroup section */
		4ED35E482A55B146004B54AC /* LaunchScreen.storyboard */ = {
			isa = PBXVariantGroup;
			children = (
				4ED35E492A55B146004B54AC /* Base */,
			);
			name = LaunchScreen.storyboard;
			sourceTree = "<group>";
		};
/* End PBXVariantGroup section */

/* Begin XCBuildConfiguration section */
		4ED35E4C2A55B146004B54AC /* Debug */ = {
			isa = XCBuildConfiguration;
			buildSettings = {
				ALWAYS_SEARCH_USER_PATHS = NO;
				CLANG_ANALYZER_NONNULL = YES;
				CLANG_ANALYZER_NUMBER_OBJECT_CONVERSION = YES_AGGRESSIVE;
				CLANG_CXX_LANGUAGE_STANDARD = "gnu++20";
				CLANG_ENABLE_MODULES = YES;
				CLANG_ENABLE_OBJC_ARC = YES;
				CLANG_ENABLE_OBJC_WEAK = YES;
				CLANG_WARN_BLOCK_CAPTURE_AUTORELEASING = YES;
				CLANG_WARN_BOOL_CONVERSION = YES;
				CLANG_WARN_COMMA = YES;
				CLANG_WARN_CONSTANT_CONVERSION = YES;
				CLANG_WARN_DEPRECATED_OBJC_IMPLEMENTATIONS = YES;
				CLANG_WARN_DIRECT_OBJC_ISA_USAGE = YES_ERROR;
				CLANG_WARN_DOCUMENTATION_COMMENTS = YES;
				CLANG_WARN_EMPTY_BODY = YES;
				CLANG_WARN_ENUM_CONVERSION = YES;
				CLANG_WARN_INFINITE_RECURSION = YES;
				CLANG_WARN_INT_CONVERSION = YES;
				CLANG_WARN_NON_LITERAL_NULL_CONVERSION = YES;
				CLANG_WARN_OBJC_IMPLICIT_RETAIN_SELF = YES;
				CLANG_WARN_OBJC_LITERAL_CONVERSION = YES;
				CLANG_WARN_OBJC_ROOT_CLASS = YES_ERROR;
				CLANG_WARN_QUOTED_INCLUDE_IN_FRAMEWORK_HEADER = YES;
				CLANG_WARN_RANGE_LOOP_ANALYSIS = YES;
				CLANG_WARN_STRICT_PROTOTYPES = YES;
				CLANG_WARN_SUSPICIOUS_MOVE = YES;
				CLANG_WARN_UNGUARDED_AVAILABILITY = YES_AGGRESSIVE;
				CLANG_WARN_UNREACHABLE_CODE = YES;
				CLANG_WARN__DUPLICATE_METHOD_MATCH = YES;
				COPY_PHASE_STRIP = NO;
				DEBUG_INFORMATION_FORMAT = dwarf;
				ENABLE_STRICT_OBJC_MSGSEND = YES;
				ENABLE_TESTABILITY = YES;
				GCC_C_LANGUAGE_STANDARD = gnu11;
				GCC_DYNAMIC_NO_PIC = NO;
				GCC_NO_COMMON_BLOCKS = YES;
				GCC_OPTIMIZATION_LEVEL = 0;
				GCC_PREPROCESSOR_DEFINITIONS = (
					"DEBUG=1",
					"$(inherited)",
				);
				GCC_WARN_64_TO_32_BIT_CONVERSION = YES;
				GCC_WARN_ABOUT_RETURN_TYPE = YES_ERROR;
				GCC_WARN_UNDECLARED_SELECTOR = YES;
				GCC_WARN_UNINITIALIZED_AUTOS = YES_AGGRESSIVE;
				GCC_WARN_UNUSED_FUNCTION = YES;
				GCC_WARN_UNUSED_VARIABLE = YES;
				IPHONEOS_DEPLOYMENT_TARGET = 16.4;
				MTL_ENABLE_DEBUG_INFO = INCLUDE_SOURCE;
				MTL_FAST_MATH = YES;
				ONLY_ACTIVE_ARCH = YES;
				SDKROOT = iphoneos;
				SWIFT_ACTIVE_COMPILATION_CONDITIONS = DEBUG;
				SWIFT_OPTIMIZATION_LEVEL = "-Onone";
			};
			name = Debug;
		};
		4ED35E4D2A55B146004B54AC /* Release */ = {
			isa = XCBuildConfiguration;
			buildSettings = {
				ALWAYS_SEARCH_USER_PATHS = NO;
				CLANG_ANALYZER_NONNULL = YES;
				CLANG_ANALYZER_NUMBER_OBJECT_CONVERSION = YES_AGGRESSIVE;
				CLANG_CXX_LANGUAGE_STANDARD = "gnu++20";
				CLANG_ENABLE_MODULES = YES;
				CLANG_ENABLE_OBJC_ARC = YES;
				CLANG_ENABLE_OBJC_WEAK = YES;
				CLANG_WARN_BLOCK_CAPTURE_AUTORELEASING = YES;
				CLANG_WARN_BOOL_CONVERSION = YES;
				CLANG_WARN_COMMA = YES;
				CLANG_WARN_CONSTANT_CONVERSION = YES;
				CLANG_WARN_DEPRECATED_OBJC_IMPLEMENTATIONS = YES;
				CLANG_WARN_DIRECT_OBJC_ISA_USAGE = YES_ERROR;
				CLANG_WARN_DOCUMENTATION_COMMENTS = YES;
				CLANG_WARN_EMPTY_BODY = YES;
				CLANG_WARN_ENUM_CONVERSION = YES;
				CLANG_WARN_INFINITE_RECURSION = YES;
				CLANG_WARN_INT_CONVERSION = YES;
				CLANG_WARN_NON_LITERAL_NULL_CONVERSION = YES;
				CLANG_WARN_OBJC_IMPLICIT_RETAIN_SELF = YES;
				CLANG_WARN_OBJC_LITERAL_CONVERSION = YES;
				CLANG_WARN_OBJC_ROOT_CLASS = YES_ERROR;
				CLANG_WARN_QUOTED_INCLUDE_IN_FRAMEWORK_HEADER = YES;
				CLANG_WARN_RANGE_LOOP_ANALYSIS = YES;
				CLANG_WARN_STRICT_PROTOTYPES = YES;
				CLANG_WARN_SUSPICIOUS_MOVE = YES;
				CLANG_WARN_UNGUARDED_AVAILABILITY = YES_AGGRESSIVE;
				CLANG_WARN_UNREACHABLE_CODE = YES;
				CLANG_WARN__DUPLICATE_METHOD_MATCH = YES;
				COPY_PHASE_STRIP = NO;
				DEBUG_INFORMATION_FORMAT = "dwarf-with-dsym";
				ENABLE_NS_ASSERTIONS = NO;
				ENABLE_STRICT_OBJC_MSGSEND = YES;
				GCC_C_LANGUAGE_STANDARD = gnu11;
				GCC_NO_COMMON_BLOCKS = YES;
				GCC_WARN_64_TO_32_BIT_CONVERSION = YES;
				GCC_WARN_ABOUT_RETURN_TYPE = YES_ERROR;
				GCC_WARN_UNDECLARED_SELECTOR = YES;
				GCC_WARN_UNINITIALIZED_AUTOS = YES_AGGRESSIVE;
				GCC_WARN_UNUSED_FUNCTION = YES;
				GCC_WARN_UNUSED_VARIABLE = YES;
				IPHONEOS_DEPLOYMENT_TARGET = 16.4;
				MTL_ENABLE_DEBUG_INFO = NO;
				MTL_FAST_MATH = YES;
				SDKROOT = iphoneos;
				SWIFT_COMPILATION_MODE = wholemodule;
				SWIFT_OPTIMIZATION_LEVEL = "-O";
				VALIDATE_PRODUCT = YES;
			};
			name = Release;
		};
		4ED35E4F2A55B146004B54AC /* Debug */ = {
			isa = XCBuildConfiguration;
			buildSettings = {
				ASSETCATALOG_COMPILER_APPICON_NAME = AppIcon;
				ASSETCATALOG_COMPILER_GLOBAL_ACCENT_COLOR_NAME = AccentColor;
				CODE_SIGN_STYLE = Automatic;
				CURRENT_PROJECT_VERSION = 1;
				DEVELOPMENT_TEAM = 8532FW2M88;
				GENERATE_INFOPLIST_FILE = YES;
				INFOPLIST_FILE = EmojiMatchingGame/Info.plist;
				INFOPLIST_KEY_CFBundleDisplayName = "Emoji matching";
				INFOPLIST_KEY_LSApplicationCategoryType = "public.app-category.games";
				INFOPLIST_KEY_UIApplicationSupportsIndirectInputEvents = YES;
				INFOPLIST_KEY_UILaunchStoryboardName = LaunchScreen;
				INFOPLIST_KEY_UIRequiresFullScreen = YES;
				INFOPLIST_KEY_UISupportedInterfaceOrientations_iPad = "UIInterfaceOrientationPortrait UIInterfaceOrientationPortraitUpsideDown UIInterfaceOrientationLandscapeLeft UIInterfaceOrientationLandscapeRight";
				INFOPLIST_KEY_UISupportedInterfaceOrientations_iPhone = "UIInterfaceOrientationPortrait UIInterfaceOrientationLandscapeLeft UIInterfaceOrientationLandscapeRight";
				IPHONEOS_DEPLOYMENT_TARGET = 15.0;
				LD_RUNPATH_SEARCH_PATHS = (
					"$(inherited)",
					"@executable_path/Frameworks",
				);
				MARKETING_VERSION = 1.0;
				PRODUCT_BUNDLE_IDENTIFIER = ru.Vladimir.Lesnykh.EmojiMatchingGame;
				PRODUCT_NAME = "$(TARGET_NAME)";
				SUPPORTED_PLATFORMS = "iphoneos iphonesimulator";
				SUPPORTS_MACCATALYST = NO;
				SUPPORTS_MAC_DESIGNED_FOR_IPHONE_IPAD = YES;
				SWIFT_EMIT_LOC_STRINGS = YES;
				SWIFT_VERSION = 5.0;
				TARGETED_DEVICE_FAMILY = 2;
			};
			name = Debug;
		};
		4ED35E502A55B146004B54AC /* Release */ = {
			isa = XCBuildConfiguration;
			buildSettings = {
				ASSETCATALOG_COMPILER_APPICON_NAME = AppIcon;
				ASSETCATALOG_COMPILER_GLOBAL_ACCENT_COLOR_NAME = AccentColor;
				CODE_SIGN_STYLE = Automatic;
				CURRENT_PROJECT_VERSION = 1;
				DEVELOPMENT_TEAM = 8532FW2M88;
				GENERATE_INFOPLIST_FILE = YES;
				INFOPLIST_FILE = EmojiMatchingGame/Info.plist;
				INFOPLIST_KEY_CFBundleDisplayName = "Emoji matching";
				INFOPLIST_KEY_LSApplicationCategoryType = "public.app-category.games";
				INFOPLIST_KEY_UIApplicationSupportsIndirectInputEvents = YES;
				INFOPLIST_KEY_UILaunchStoryboardName = LaunchScreen;
				INFOPLIST_KEY_UIRequiresFullScreen = YES;
				INFOPLIST_KEY_UISupportedInterfaceOrientations_iPad = "UIInterfaceOrientationPortrait UIInterfaceOrientationPortraitUpsideDown UIInterfaceOrientationLandscapeLeft UIInterfaceOrientationLandscapeRight";
				INFOPLIST_KEY_UISupportedInterfaceOrientations_iPhone = "UIInterfaceOrientationPortrait UIInterfaceOrientationLandscapeLeft UIInterfaceOrientationLandscapeRight";
				IPHONEOS_DEPLOYMENT_TARGET = 15.0;
				LD_RUNPATH_SEARCH_PATHS = (
					"$(inherited)",
					"@executable_path/Frameworks",
				);
				MARKETING_VERSION = 1.0;
				PRODUCT_BUNDLE_IDENTIFIER = ru.Vladimir.Lesnykh.EmojiMatchingGame;
				PRODUCT_NAME = "$(TARGET_NAME)";
				SUPPORTED_PLATFORMS = "iphoneos iphonesimulator";
				SUPPORTS_MACCATALYST = NO;
				SUPPORTS_MAC_DESIGNED_FOR_IPHONE_IPAD = YES;
				SWIFT_EMIT_LOC_STRINGS = YES;
				SWIFT_VERSION = 5.0;
				TARGETED_DEVICE_FAMILY = 2;
			};
			name = Release;
		};
/* End XCBuildConfiguration section */

/* Begin XCConfigurationList section */
		4ED35E352A55B145004B54AC /* Build configuration list for PBXProject "EmojiMatchingGame" */ = {
			isa = XCConfigurationList;
			buildConfigurations = (
				4ED35E4C2A55B146004B54AC /* Debug */,
				4ED35E4D2A55B146004B54AC /* Release */,
			);
			defaultConfigurationIsVisible = 0;
			defaultConfigurationName = Release;
		};
		4ED35E4E2A55B146004B54AC /* Build configuration list for PBXNativeTarget "EmojiMatchingGame" */ = {
			isa = XCConfigurationList;
			buildConfigurations = (
				4ED35E4F2A55B146004B54AC /* Debug */,
				4ED35E502A55B146004B54AC /* Release */,
			);
			defaultConfigurationIsVisible = 0;
			defaultConfigurationName = Release;
		};
/* End XCConfigurationList section */
	};
	rootObject = 4ED35E322A55B145004B54AC /* Project object */;
}
