// !$*UTF8*$!
{
	archiveVersion = 1;
	classes = {
	};
	objectVersion = 56;
	objects = {

/* Begin PBXBuildFile section */
		4E027BBB2A5D8C43009CB092 /* Flag.swift in Sources */ = {isa = PBXBuildFile; fileRef = 4E027BBA2A5D8C43009CB092 /* Flag.swift */; };
		4E06780E2B309EB200493EA2 /* TimeIntervalTests.swift in Sources */ = {isa = PBXBuildFile; fileRef = 4E06780D2B309EB200493EA2 /* TimeIntervalTests.swift */; };
		4E13C40B2ACED8AC00F40235 /* GameOverViewController.swift in Sources */ = {isa = PBXBuildFile; fileRef = 4E13C40A2ACED8AC00F40235 /* GameOverViewController.swift */; };
		4E13C40D2ACEE1E600F40235 /* GameOverPresenter.swift in Sources */ = {isa = PBXBuildFile; fileRef = 4E13C40C2ACEE1E600F40235 /* GameOverPresenter.swift */; };
		4E13EF9C2B67C9EC0000B29E /* PlayBoardViewDelegate.swift in Sources */ = {isa = PBXBuildFile; fileRef = 4E13EF9B2B67C9EC0000B29E /* PlayBoardViewDelegate.swift */; };
		4E13EF9E2B67F56D0000B29E /* CardAnimatable.swift in Sources */ = {isa = PBXBuildFile; fileRef = 4E13EF9D2B67F56D0000B29E /* CardAnimatable.swift */; };
		4E15FCDC2B5405C00037A70F /* Audio.swift in Sources */ = {isa = PBXBuildFile; fileRef = 4E15FCDB2B5405C00037A70F /* Audio.swift */; };
		4E22CF8F2B16499900044EBD /* MainMenuSetupable.swift in Sources */ = {isa = PBXBuildFile; fileRef = 4E22CF8E2B16499900044EBD /* MainMenuSetupable.swift */; };
		4E2AFDE02AAB57A700E00A1B /* GameOverView.swift in Sources */ = {isa = PBXBuildFile; fileRef = 4E2AFDDF2AAB57A700E00A1B /* GameOverView.swift */; };
		4E2C473B2B61256300B6B078 /* 4163.caf in Resources */ = {isa = PBXBuildFile; fileRef = 4E2C473A2B61256300B6B078 /* 4163.caf */; };
		4E2C473D2B61257600B6B078 /* 4323.caf in Resources */ = {isa = PBXBuildFile; fileRef = 4E2C473C2B61257600B6B078 /* 4323.caf */; };
		4E2C47412B61281600B6B078 /* AVFoundation.framework in Frameworks */ = {isa = PBXBuildFile; fileRef = 4E2C473F2B6127DC00B6B078 /* AVFoundation.framework */; };
		4E31F43D2AFD3C45005EA317 /* SoundVolumeButton.swift in Sources */ = {isa = PBXBuildFile; fileRef = 4E31F43C2AFD3C45005EA317 /* SoundVolumeButton.swift */; };
		4E31F4402AFD3F3C005EA317 /* LevelSegmentedControl.swift in Sources */ = {isa = PBXBuildFile; fileRef = 4E31F43F2AFD3F3C005EA317 /* LevelSegmentedControl.swift */; };
		4E339FFF2B1BA05B00D362E0 /* TimeMeter.swift in Sources */ = {isa = PBXBuildFile; fileRef = 4E339FFE2B1BA05B00D362E0 /* TimeMeter.swift */; };
		4E343B0B2AC31DE300D169DD /* UIImage.swift in Sources */ = {isa = PBXBuildFile; fileRef = 4E343B0A2AC31DE300D169DD /* UIImage.swift */; };
		4E343B0D2AC3351900D169DD /* EmittedParticle.swift in Sources */ = {isa = PBXBuildFile; fileRef = 4E343B0C2AC3351900D169DD /* EmittedParticle.swift */; };
		4E433E782AE14D39004B4E98 /* User.swift in Sources */ = {isa = PBXBuildFile; fileRef = 4E433E772AE14D39004B4E98 /* User.swift */; };
		4E433E7A2AE15DDC004B4E98 /* UIColor.swift in Sources */ = {isa = PBXBuildFile; fileRef = 4E433E792AE15DDC004B4E98 /* UIColor.swift */; };
		4E4923AA2AAB4577002B65BC /* CAGradientLayer.swift in Sources */ = {isa = PBXBuildFile; fileRef = 4E4923A92AAB4577002B65BC /* CAGradientLayer.swift */; };
		4E4AB0322AF52B1100A94328 /* Observer.swift in Sources */ = {isa = PBXBuildFile; fileRef = 4E4AB0312AF52B1100A94328 /* Observer.swift */; };
		4E4EAC302AD03EB700AF5D35 /* MainMenuPresentable.swift in Sources */ = {isa = PBXBuildFile; fileRef = 4E4EAC2F2AD03EB700AF5D35 /* MainMenuPresentable.swift */; };
		4E4EAC322AD03EDB00AF5D35 /* PlayBoardPresentable.swift in Sources */ = {isa = PBXBuildFile; fileRef = 4E4EAC312AD03EDB00AF5D35 /* PlayBoardPresentable.swift */; };
		4E4EAC342AD0403B00AF5D35 /* MainMenuDisplayable.swift in Sources */ = {isa = PBXBuildFile; fileRef = 4E4EAC332AD0403B00AF5D35 /* MainMenuDisplayable.swift */; };
		4E4EAC362AD040CB00AF5D35 /* GradientAnimatable.swift in Sources */ = {isa = PBXBuildFile; fileRef = 4E4EAC352AD040CB00AF5D35 /* GradientAnimatable.swift */; };
		4E4EAC382AD0426100AF5D35 /* PlayBoardDisplayable.swift in Sources */ = {isa = PBXBuildFile; fileRef = 4E4EAC372AD0426100AF5D35 /* PlayBoardDisplayable.swift */; };
		4E4EAC3A2AD04C1D00AF5D35 /* GameOverPresentable.swift in Sources */ = {isa = PBXBuildFile; fileRef = 4E4EAC392AD04C1D00AF5D35 /* GameOverPresentable.swift */; };
		4E4EAC3C2AD04C9F00AF5D35 /* GameOverDisplayable.swift in Sources */ = {isa = PBXBuildFile; fileRef = 4E4EAC3B2AD04C9F00AF5D35 /* GameOverDisplayable.swift */; };
		4E560AC92B3C7BDB00088648 /* LaunchScreen.storyboard in Resources */ = {isa = PBXBuildFile; fileRef = 4ED35E482A55B146004B54AC /* LaunchScreen.storyboard */; };
		4E560ACB2B3C7FA900088648 /* Localizable.xcstrings in Resources */ = {isa = PBXBuildFile; fileRef = 4E560ACA2B3C7FA900088648 /* Localizable.xcstrings */; };
		4E5EB6DE2AA620F90074C7B5 /* Routable.swift in Sources */ = {isa = PBXBuildFile; fileRef = 4E5EB6DD2AA620F90074C7B5 /* Routable.swift */; };
		4E5EB6E02AA622770074C7B5 /* Router.swift in Sources */ = {isa = PBXBuildFile; fileRef = 4E5EB6DF2AA622770074C7B5 /* Router.swift */; };
		4E5EB6E22AA625F30074C7B5 /* Buildable.swift in Sources */ = {isa = PBXBuildFile; fileRef = 4E5EB6E12AA625F30074C7B5 /* Buildable.swift */; };
		4E5EB6E42AA6278D0074C7B5 /* Builder.swift in Sources */ = {isa = PBXBuildFile; fileRef = 4E5EB6E32AA6278D0074C7B5 /* Builder.swift */; };
		4E5EB6E62AA636620074C7B5 /* MainMenuPresenter.swift in Sources */ = {isa = PBXBuildFile; fileRef = 4E5EB6E52AA636620074C7B5 /* MainMenuPresenter.swift */; };
		4E64AD922A602AF200A7E40C /* PlayBoardPresenter.swift in Sources */ = {isa = PBXBuildFile; fileRef = 4E64AD912A602AF200A7E40C /* PlayBoardPresenter.swift */; };
		4E73BB152AF25BE1004EDEC0 /* UIFont.swift in Sources */ = {isa = PBXBuildFile; fileRef = 4E73BB142AF25BE1004EDEC0 /* UIFont.swift */; };
		4E73BB172AF2901A004EDEC0 /* SettingsPresenter.swift in Sources */ = {isa = PBXBuildFile; fileRef = 4E73BB162AF2901A004EDEC0 /* SettingsPresenter.swift */; };
		4E73BB192AF29035004EDEC0 /* SettingsPresentable.swift in Sources */ = {isa = PBXBuildFile; fileRef = 4E73BB182AF29035004EDEC0 /* SettingsPresentable.swift */; };
		4E73BB1B2AF2908F004EDEC0 /* SettingsDisplayable.swift in Sources */ = {isa = PBXBuildFile; fileRef = 4E73BB1A2AF2908F004EDEC0 /* SettingsDisplayable.swift */; };
		4E777D9D2AE7F83700C6F716 /* SettingsViewController.swift in Sources */ = {isa = PBXBuildFile; fileRef = 4E777D9C2AE7F83700C6F716 /* SettingsViewController.swift */; };
		4E777D9F2AE7F8F800C6F716 /* SettingsView.swift in Sources */ = {isa = PBXBuildFile; fileRef = 4E777D9E2AE7F8F800C6F716 /* SettingsView.swift */; };
		4E7BF6B62AFABBE100FFDF0A /* BackButton.swift in Sources */ = {isa = PBXBuildFile; fileRef = 4E7BF6B52AFABBE100FFDF0A /* BackButton.swift */; };
		4E7FAB3C2A9F7A170020C771 /* MainMenuViewController.swift in Sources */ = {isa = PBXBuildFile; fileRef = 4E7FAB3B2A9F7A170020C771 /* MainMenuViewController.swift */; };
		4E7FAB3E2A9F8B360020C771 /* MainMenuView.swift in Sources */ = {isa = PBXBuildFile; fileRef = 4E7FAB3D2A9F8B360020C771 /* MainMenuView.swift */; };
		4E86D6082A55B75900E23388 /* PlayBoardView_StackView.swift in Sources */ = {isa = PBXBuildFile; fileRef = 4E86D6072A55B75900E23388 /* PlayBoardView_StackView.swift */; };
		4E86D60A2A56EBCD00E23388 /* Level.swift in Sources */ = {isa = PBXBuildFile; fileRef = 4E86D6092A56EBCD00E23388 /* Level.swift */; };
		4E87BEA92B310040000EEF32 /* UIColorTests.swift in Sources */ = {isa = PBXBuildFile; fileRef = 4E87BEA82B310040000EEF32 /* UIColorTests.swift */; };
		4E87BEAB2B31A814000EEF32 /* UIFontTests.swift in Sources */ = {isa = PBXBuildFile; fileRef = 4E87BEAA2B31A814000EEF32 /* UIFontTests.swift */; };
		4E87BEAD2B31AEF4000EEF32 /* UIImageTests.swift in Sources */ = {isa = PBXBuildFile; fileRef = 4E87BEAC2B31AEF4000EEF32 /* UIImageTests.swift */; };
		4E87BEB22B31BACF000EEF32 /* LevelTests.swift in Sources */ = {isa = PBXBuildFile; fileRef = 4E87BEB12B31BACF000EEF32 /* LevelTests.swift */; };
		4E87BEB52B31C1F5000EEF32 /* UserTests.swift in Sources */ = {isa = PBXBuildFile; fileRef = 4E87BEB42B31C1F5000EEF32 /* UserTests.swift */; };
		4E87BEB82B31D8E0000EEF32 /* AppearanceTests.swift in Sources */ = {isa = PBXBuildFile; fileRef = 4E87BEB72B31D8E0000EEF32 /* AppearanceTests.swift */; };
		4E87BEBB2B31E81C000EEF32 /* EmojiTests.swift in Sources */ = {isa = PBXBuildFile; fileRef = 4E87BEBA2B31E81C000EEF32 /* EmojiTests.swift */; };
		4E87BEBD2B31F6E7000EEF32 /* FlagTests.swift in Sources */ = {isa = PBXBuildFile; fileRef = 4E87BEBC2B31F6E7000EEF32 /* FlagTests.swift */; };
		4E98C57B2A5890040034522B /* Emoji.swift in Sources */ = {isa = PBXBuildFile; fileRef = 4E98C57A2A5890040034522B /* Emoji.swift */; };
		4EB867BE2B23BC8500B19EB3 /* PopAnimatedTransitioning.swift in Sources */ = {isa = PBXBuildFile; fileRef = 4EB867BD2B23BC8500B19EB3 /* PopAnimatedTransitioning.swift */; };
		4EC574F82B02626800295E57 /* PlayBoardViewDisplayable.swift in Sources */ = {isa = PBXBuildFile; fileRef = 4EC574F72B02626800295E57 /* PlayBoardViewDisplayable.swift */; };
		4ECA02EA2B5C5A56005ABE9B /* AudioFileManager.swift in Sources */ = {isa = PBXBuildFile; fileRef = 4ECA02E92B5C5A56005ABE9B /* AudioFileManager.swift */; };
		4ED1D0452B18906B00F8B73F /* PlayBoardView_ManualLayout.swift in Sources */ = {isa = PBXBuildFile; fileRef = 4ED1D0442B18906B00F8B73F /* PlayBoardView_ManualLayout.swift */; };
		4ED35E3E2A55B145004B54AC /* AppDelegate.swift in Sources */ = {isa = PBXBuildFile; fileRef = 4ED35E3D2A55B145004B54AC /* AppDelegate.swift */; };
		4ED35E402A55B145004B54AC /* SceneDelegate.swift in Sources */ = {isa = PBXBuildFile; fileRef = 4ED35E3F2A55B145004B54AC /* SceneDelegate.swift */; };
		4ED35E422A55B145004B54AC /* PlayBoardViewController.swift in Sources */ = {isa = PBXBuildFile; fileRef = 4ED35E412A55B145004B54AC /* PlayBoardViewController.swift */; };
		4ED35E472A55B146004B54AC /* Assets.xcassets in Resources */ = {isa = PBXBuildFile; fileRef = 4ED35E462A55B146004B54AC /* Assets.xcassets */; };
		4ED35E4A2A55B146004B54AC /* LaunchScreen.storyboard in Resources */ = {isa = PBXBuildFile; fileRef = 4ED35E482A55B146004B54AC /* LaunchScreen.storyboard */; };
		4ED57E6C2B62DA9200C7EE3D /* 4337.caf in Resources */ = {isa = PBXBuildFile; fileRef = 4ED57E602B62DA9200C7EE3D /* 4337.caf */; };
		4ED57E6D2B62DA9200C7EE3D /* 4182.caf in Resources */ = {isa = PBXBuildFile; fileRef = 4ED57E612B62DA9200C7EE3D /* 4182.caf */; };
		4ED57E6E2B62DA9200C7EE3D /* 4203.caf in Resources */ = {isa = PBXBuildFile; fileRef = 4ED57E622B62DA9200C7EE3D /* 4203.caf */; };
		4ED57E6F2B62DA9200C7EE3D /* 4319.caf in Resources */ = {isa = PBXBuildFile; fileRef = 4ED57E632B62DA9200C7EE3D /* 4319.caf */; };
		4ED57E702B62DA9200C7EE3D /* 4238.caf in Resources */ = {isa = PBXBuildFile; fileRef = 4ED57E642B62DA9200C7EE3D /* 4238.caf */; };
		4ED57E712B62DA9200C7EE3D /* 4147.caf in Resources */ = {isa = PBXBuildFile; fileRef = 4ED57E652B62DA9200C7EE3D /* 4147.caf */; };
		4ED57E722B62DA9200C7EE3D /* 4151.caf in Resources */ = {isa = PBXBuildFile; fileRef = 4ED57E662B62DA9200C7EE3D /* 4151.caf */; };
		4ED57E732B62DA9200C7EE3D /* 4240.caf in Resources */ = {isa = PBXBuildFile; fileRef = 4ED57E672B62DA9200C7EE3D /* 4240.caf */; };
		4ED57E742B62DA9200C7EE3D /* 4251.caf in Resources */ = {isa = PBXBuildFile; fileRef = 4ED57E682B62DA9200C7EE3D /* 4251.caf */; };
		4ED57E752B62DA9200C7EE3D /* 4268.caf in Resources */ = {isa = PBXBuildFile; fileRef = 4ED57E692B62DA9200C7EE3D /* 4268.caf */; };
		4ED57E762B62DA9200C7EE3D /* 4366.caf in Resources */ = {isa = PBXBuildFile; fileRef = 4ED57E6A2B62DA9200C7EE3D /* 4366.caf */; };
		4ED57E772B62DA9200C7EE3D /* 4233.caf in Resources */ = {isa = PBXBuildFile; fileRef = 4ED57E6B2B62DA9200C7EE3D /* 4233.caf */; };
		4EDB4A172AF12D7000FE32D8 /* SlotView.swift in Sources */ = {isa = PBXBuildFile; fileRef = 4EDB4A162AF12D7000FE32D8 /* SlotView.swift */; };
		4EDC61322B14AEBE0069AB50 /* ResultsViewSetupable.swift in Sources */ = {isa = PBXBuildFile; fileRef = 4EDC61312B14AEBE0069AB50 /* ResultsViewSetupable.swift */; };
		4EDC61342B14DE700069AB50 /* SettingsViewSetupable.swift in Sources */ = {isa = PBXBuildFile; fileRef = 4EDC61332B14DE700069AB50 /* SettingsViewSetupable.swift */; };
		4EE0EA062B0F8A55008BDC72 /* ResultsView.swift in Sources */ = {isa = PBXBuildFile; fileRef = 4EE0EA052B0F8A55008BDC72 /* ResultsView.swift */; };
		4EE0EA082B0F8ED6008BDC72 /* ResultsViewController.swift in Sources */ = {isa = PBXBuildFile; fileRef = 4EE0EA072B0F8ED6008BDC72 /* ResultsViewController.swift */; };
		4EE0EA0A2B0F901C008BDC72 /* ResultsDisplayable.swift in Sources */ = {isa = PBXBuildFile; fileRef = 4EE0EA092B0F901C008BDC72 /* ResultsDisplayable.swift */; };
		4EE0EA0C2B0F9074008BDC72 /* ResultsPresenter.swift in Sources */ = {isa = PBXBuildFile; fileRef = 4EE0EA0B2B0F9074008BDC72 /* ResultsPresenter.swift */; };
		4EE0EA0E2B0F90AD008BDC72 /* ResultsPresentable.swift in Sources */ = {isa = PBXBuildFile; fileRef = 4EE0EA0D2B0F90AD008BDC72 /* ResultsPresentable.swift */; };
		4EE0EA102B0FA568008BDC72 /* TimeInterval.swift in Sources */ = {isa = PBXBuildFile; fileRef = 4EE0EA0F2B0FA568008BDC72 /* TimeInterval.swift */; };
		4EE21F762AE2DC8C00A71B6D /* Storageable.swift in Sources */ = {isa = PBXBuildFile; fileRef = 4EE21F752AE2DC8C00A71B6D /* Storageable.swift */; };
		4EE427032ABB3464003FCECD /* FireworksLayer.swift in Sources */ = {isa = PBXBuildFile; fileRef = 4EE427022ABB3464003FCECD /* FireworksLayer.swift */; };
		4EEA8FE52AF1C0EB00839577 /* Design.swift in Sources */ = {isa = PBXBuildFile; fileRef = 4EEA8FE42AF1C0EB00839577 /* Design.swift */; };
		4EF3581D2AD426170058C2FB /* Appearance.swift in Sources */ = {isa = PBXBuildFile; fileRef = 4EF3581C2AD426170058C2FB /* Appearance.swift */; };
		4EF3B8442B220767002C36C5 /* NavigationController.swift in Sources */ = {isa = PBXBuildFile; fileRef = 4EF3B8432B220767002C36C5 /* NavigationController.swift */; };
		4EF3B8462B2211EA002C36C5 /* PushAnimatedTransitioning.swift in Sources */ = {isa = PBXBuildFile; fileRef = 4EF3B8452B2211EA002C36C5 /* PushAnimatedTransitioning.swift */; };
		4EF61F5B2A5778DA00E79C74 /* CardView.swift in Sources */ = {isa = PBXBuildFile; fileRef = 4EF61F5A2A5778DA00E79C74 /* CardView.swift */; };
/* End PBXBuildFile section */

/* Begin PBXContainerItemProxy section */
		4E0678062B309DA300493EA2 /* PBXContainerItemProxy */ = {
			isa = PBXContainerItemProxy;
			containerPortal = 4ED35E322A55B145004B54AC /* Project object */;
			proxyType = 1;
			remoteGlobalIDString = 4ED35E392A55B145004B54AC;
			remoteInfo = EmojiMatchingGame;
		};
/* End PBXContainerItemProxy section */

/* Begin PBXFileReference section */
		4E027BBA2A5D8C43009CB092 /* Flag.swift */ = {isa = PBXFileReference; lastKnownFileType = sourcecode.swift; path = Flag.swift; sourceTree = "<group>"; };
		4E0678022B309DA300493EA2 /* EmojiMatchingGameTests.xctest */ = {isa = PBXFileReference; explicitFileType = wrapper.cfbundle; includeInIndex = 0; path = EmojiMatchingGameTests.xctest; sourceTree = BUILT_PRODUCTS_DIR; };
		4E06780D2B309EB200493EA2 /* TimeIntervalTests.swift */ = {isa = PBXFileReference; lastKnownFileType = sourcecode.swift; path = TimeIntervalTests.swift; sourceTree = "<group>"; };
		4E13C40A2ACED8AC00F40235 /* GameOverViewController.swift */ = {isa = PBXFileReference; lastKnownFileType = sourcecode.swift; path = GameOverViewController.swift; sourceTree = "<group>"; };
		4E13C40C2ACEE1E600F40235 /* GameOverPresenter.swift */ = {isa = PBXFileReference; lastKnownFileType = sourcecode.swift; path = GameOverPresenter.swift; sourceTree = "<group>"; };
		4E13EF9B2B67C9EC0000B29E /* PlayBoardViewDelegate.swift */ = {isa = PBXFileReference; lastKnownFileType = sourcecode.swift; path = PlayBoardViewDelegate.swift; sourceTree = "<group>"; };
		4E13EF9D2B67F56D0000B29E /* CardAnimatable.swift */ = {isa = PBXFileReference; lastKnownFileType = sourcecode.swift; path = CardAnimatable.swift; sourceTree = "<group>"; };
		4E15FCDB2B5405C00037A70F /* Audio.swift */ = {isa = PBXFileReference; lastKnownFileType = sourcecode.swift; path = Audio.swift; sourceTree = "<group>"; };
		4E22CF8E2B16499900044EBD /* MainMenuSetupable.swift */ = {isa = PBXFileReference; lastKnownFileType = sourcecode.swift; path = MainMenuSetupable.swift; sourceTree = "<group>"; };
		4E2AFDDF2AAB57A700E00A1B /* GameOverView.swift */ = {isa = PBXFileReference; lastKnownFileType = sourcecode.swift; path = GameOverView.swift; sourceTree = "<group>"; };
		4E2C473A2B61256300B6B078 /* 4163.caf */ = {isa = PBXFileReference; lastKnownFileType = file; path = 4163.caf; sourceTree = "<group>"; };
		4E2C473C2B61257600B6B078 /* 4323.caf */ = {isa = PBXFileReference; lastKnownFileType = file; path = 4323.caf; sourceTree = "<group>"; };
		4E2C473F2B6127DC00B6B078 /* AVFoundation.framework */ = {isa = PBXFileReference; lastKnownFileType = wrapper.framework; name = AVFoundation.framework; path = System/Library/Frameworks/AVFoundation.framework; sourceTree = SDKROOT; };
		4E31F43C2AFD3C45005EA317 /* SoundVolumeButton.swift */ = {isa = PBXFileReference; lastKnownFileType = sourcecode.swift; path = SoundVolumeButton.swift; sourceTree = "<group>"; };
		4E31F43F2AFD3F3C005EA317 /* LevelSegmentedControl.swift */ = {isa = PBXFileReference; lastKnownFileType = sourcecode.swift; path = LevelSegmentedControl.swift; sourceTree = "<group>"; };
		4E339FFE2B1BA05B00D362E0 /* TimeMeter.swift */ = {isa = PBXFileReference; lastKnownFileType = sourcecode.swift; path = TimeMeter.swift; sourceTree = "<group>"; };
		4E343B0A2AC31DE300D169DD /* UIImage.swift */ = {isa = PBXFileReference; lastKnownFileType = sourcecode.swift; path = UIImage.swift; sourceTree = "<group>"; };
		4E343B0C2AC3351900D169DD /* EmittedParticle.swift */ = {isa = PBXFileReference; lastKnownFileType = sourcecode.swift; path = EmittedParticle.swift; sourceTree = "<group>"; };
		4E433E772AE14D39004B4E98 /* User.swift */ = {isa = PBXFileReference; lastKnownFileType = sourcecode.swift; path = User.swift; sourceTree = "<group>"; };
		4E433E792AE15DDC004B4E98 /* UIColor.swift */ = {isa = PBXFileReference; lastKnownFileType = sourcecode.swift; path = UIColor.swift; sourceTree = "<group>"; };
		4E4923A92AAB4577002B65BC /* CAGradientLayer.swift */ = {isa = PBXFileReference; lastKnownFileType = sourcecode.swift; path = CAGradientLayer.swift; sourceTree = "<group>"; };
		4E4AB0312AF52B1100A94328 /* Observer.swift */ = {isa = PBXFileReference; lastKnownFileType = sourcecode.swift; path = Observer.swift; sourceTree = "<group>"; };
		4E4EAC2F2AD03EB700AF5D35 /* MainMenuPresentable.swift */ = {isa = PBXFileReference; lastKnownFileType = sourcecode.swift; path = MainMenuPresentable.swift; sourceTree = "<group>"; };
		4E4EAC312AD03EDB00AF5D35 /* PlayBoardPresentable.swift */ = {isa = PBXFileReference; lastKnownFileType = sourcecode.swift; path = PlayBoardPresentable.swift; sourceTree = "<group>"; };
		4E4EAC332AD0403B00AF5D35 /* MainMenuDisplayable.swift */ = {isa = PBXFileReference; lastKnownFileType = sourcecode.swift; path = MainMenuDisplayable.swift; sourceTree = "<group>"; };
		4E4EAC352AD040CB00AF5D35 /* GradientAnimatable.swift */ = {isa = PBXFileReference; lastKnownFileType = sourcecode.swift; path = GradientAnimatable.swift; sourceTree = "<group>"; };
		4E4EAC372AD0426100AF5D35 /* PlayBoardDisplayable.swift */ = {isa = PBXFileReference; lastKnownFileType = sourcecode.swift; path = PlayBoardDisplayable.swift; sourceTree = "<group>"; };
		4E4EAC392AD04C1D00AF5D35 /* GameOverPresentable.swift */ = {isa = PBXFileReference; lastKnownFileType = sourcecode.swift; path = GameOverPresentable.swift; sourceTree = "<group>"; };
		4E4EAC3B2AD04C9F00AF5D35 /* GameOverDisplayable.swift */ = {isa = PBXFileReference; lastKnownFileType = sourcecode.swift; path = GameOverDisplayable.swift; sourceTree = "<group>"; };
		4E560AC22B3C75F100088648 /* Base */ = {isa = PBXFileReference; lastKnownFileType = file.storyboard; name = Base; path = Base.lproj/LaunchScreen.storyboard; sourceTree = "<group>"; };
		4E560AC52B3C794C00088648 /* en */ = {isa = PBXFileReference; lastKnownFileType = text.plist.strings; name = en; path = en.lproj/LaunchScreen.strings; sourceTree = "<group>"; };
		4E560AC72B3C7ADC00088648 /* ru */ = {isa = PBXFileReference; lastKnownFileType = text.plist.strings; name = ru; path = ru.lproj/LaunchScreen.strings; sourceTree = "<group>"; };
		4E560AC82B3C7B9600088648 /* fr */ = {isa = PBXFileReference; lastKnownFileType = text.plist.strings; name = fr; path = fr.lproj/LaunchScreen.strings; sourceTree = "<group>"; };
		4E560ACA2B3C7FA900088648 /* Localizable.xcstrings */ = {isa = PBXFileReference; lastKnownFileType = text.json.xcstrings; path = Localizable.xcstrings; sourceTree = "<group>"; };
		4E560ACC2B3C7FF700088648 /* uk */ = {isa = PBXFileReference; lastKnownFileType = text.plist.strings; name = uk; path = uk.lproj/LaunchScreen.strings; sourceTree = "<group>"; };
		4E5EB6DD2AA620F90074C7B5 /* Routable.swift */ = {isa = PBXFileReference; lastKnownFileType = sourcecode.swift; path = Routable.swift; sourceTree = "<group>"; };
		4E5EB6DF2AA622770074C7B5 /* Router.swift */ = {isa = PBXFileReference; lastKnownFileType = sourcecode.swift; path = Router.swift; sourceTree = "<group>"; };
		4E5EB6E12AA625F30074C7B5 /* Buildable.swift */ = {isa = PBXFileReference; lastKnownFileType = sourcecode.swift; path = Buildable.swift; sourceTree = "<group>"; };
		4E5EB6E32AA6278D0074C7B5 /* Builder.swift */ = {isa = PBXFileReference; lastKnownFileType = sourcecode.swift; path = Builder.swift; sourceTree = "<group>"; };
		4E5EB6E52AA636620074C7B5 /* MainMenuPresenter.swift */ = {isa = PBXFileReference; lastKnownFileType = sourcecode.swift; path = MainMenuPresenter.swift; sourceTree = "<group>"; };
		4E64AD912A602AF200A7E40C /* PlayBoardPresenter.swift */ = {isa = PBXFileReference; lastKnownFileType = sourcecode.swift; path = PlayBoardPresenter.swift; sourceTree = "<group>"; };
		4E73BB142AF25BE1004EDEC0 /* UIFont.swift */ = {isa = PBXFileReference; lastKnownFileType = sourcecode.swift; path = UIFont.swift; sourceTree = "<group>"; };
		4E73BB162AF2901A004EDEC0 /* SettingsPresenter.swift */ = {isa = PBXFileReference; lastKnownFileType = sourcecode.swift; path = SettingsPresenter.swift; sourceTree = "<group>"; };
		4E73BB182AF29035004EDEC0 /* SettingsPresentable.swift */ = {isa = PBXFileReference; lastKnownFileType = sourcecode.swift; path = SettingsPresentable.swift; sourceTree = "<group>"; };
		4E73BB1A2AF2908F004EDEC0 /* SettingsDisplayable.swift */ = {isa = PBXFileReference; lastKnownFileType = sourcecode.swift; path = SettingsDisplayable.swift; sourceTree = "<group>"; };
		4E777D9C2AE7F83700C6F716 /* SettingsViewController.swift */ = {isa = PBXFileReference; lastKnownFileType = sourcecode.swift; path = SettingsViewController.swift; sourceTree = "<group>"; };
		4E777D9E2AE7F8F800C6F716 /* SettingsView.swift */ = {isa = PBXFileReference; lastKnownFileType = sourcecode.swift; path = SettingsView.swift; sourceTree = "<group>"; };
		4E7BF6B52AFABBE100FFDF0A /* BackButton.swift */ = {isa = PBXFileReference; lastKnownFileType = sourcecode.swift; path = BackButton.swift; sourceTree = "<group>"; };
		4E7FAB3B2A9F7A170020C771 /* MainMenuViewController.swift */ = {isa = PBXFileReference; lastKnownFileType = sourcecode.swift; path = MainMenuViewController.swift; sourceTree = "<group>"; };
		4E7FAB3D2A9F8B360020C771 /* MainMenuView.swift */ = {isa = PBXFileReference; lastKnownFileType = sourcecode.swift; path = MainMenuView.swift; sourceTree = "<group>"; };
		4E86D6072A55B75900E23388 /* PlayBoardView_StackView.swift */ = {isa = PBXFileReference; lastKnownFileType = sourcecode.swift; path = PlayBoardView_StackView.swift; sourceTree = "<group>"; };
		4E86D6092A56EBCD00E23388 /* Level.swift */ = {isa = PBXFileReference; lastKnownFileType = sourcecode.swift; path = Level.swift; sourceTree = "<group>"; };
		4E87BEA82B310040000EEF32 /* UIColorTests.swift */ = {isa = PBXFileReference; lastKnownFileType = sourcecode.swift; path = UIColorTests.swift; sourceTree = "<group>"; };
		4E87BEAA2B31A814000EEF32 /* UIFontTests.swift */ = {isa = PBXFileReference; lastKnownFileType = sourcecode.swift; path = UIFontTests.swift; sourceTree = "<group>"; };
		4E87BEAC2B31AEF4000EEF32 /* UIImageTests.swift */ = {isa = PBXFileReference; lastKnownFileType = sourcecode.swift; path = UIImageTests.swift; sourceTree = "<group>"; };
		4E87BEB12B31BACF000EEF32 /* LevelTests.swift */ = {isa = PBXFileReference; lastKnownFileType = sourcecode.swift; path = LevelTests.swift; sourceTree = "<group>"; };
		4E87BEB42B31C1F5000EEF32 /* UserTests.swift */ = {isa = PBXFileReference; lastKnownFileType = sourcecode.swift; path = UserTests.swift; sourceTree = "<group>"; };
		4E87BEB72B31D8E0000EEF32 /* AppearanceTests.swift */ = {isa = PBXFileReference; lastKnownFileType = sourcecode.swift; path = AppearanceTests.swift; sourceTree = "<group>"; };
		4E87BEBA2B31E81C000EEF32 /* EmojiTests.swift */ = {isa = PBXFileReference; lastKnownFileType = sourcecode.swift; path = EmojiTests.swift; sourceTree = "<group>"; };
		4E87BEBC2B31F6E7000EEF32 /* FlagTests.swift */ = {isa = PBXFileReference; lastKnownFileType = sourcecode.swift; path = FlagTests.swift; sourceTree = "<group>"; };
		4E98C57A2A5890040034522B /* Emoji.swift */ = {isa = PBXFileReference; lastKnownFileType = sourcecode.swift; path = Emoji.swift; sourceTree = "<group>"; };
		4EB867BD2B23BC8500B19EB3 /* PopAnimatedTransitioning.swift */ = {isa = PBXFileReference; lastKnownFileType = sourcecode.swift; path = PopAnimatedTransitioning.swift; sourceTree = "<group>"; };
		4EC574F72B02626800295E57 /* PlayBoardViewDisplayable.swift */ = {isa = PBXFileReference; lastKnownFileType = sourcecode.swift; path = PlayBoardViewDisplayable.swift; sourceTree = "<group>"; };
		4ECA02E92B5C5A56005ABE9B /* AudioFileManager.swift */ = {isa = PBXFileReference; lastKnownFileType = sourcecode.swift; path = AudioFileManager.swift; sourceTree = "<group>"; };
		4ED1D0442B18906B00F8B73F /* PlayBoardView_ManualLayout.swift */ = {isa = PBXFileReference; lastKnownFileType = sourcecode.swift; path = PlayBoardView_ManualLayout.swift; sourceTree = "<group>"; };
		4ED35E3A2A55B145004B54AC /* EmojiMatchingGame.app */ = {isa = PBXFileReference; explicitFileType = wrapper.application; includeInIndex = 0; path = EmojiMatchingGame.app; sourceTree = BUILT_PRODUCTS_DIR; };
		4ED35E3D2A55B145004B54AC /* AppDelegate.swift */ = {isa = PBXFileReference; lastKnownFileType = sourcecode.swift; path = AppDelegate.swift; sourceTree = "<group>"; };
		4ED35E3F2A55B145004B54AC /* SceneDelegate.swift */ = {isa = PBXFileReference; lastKnownFileType = sourcecode.swift; path = SceneDelegate.swift; sourceTree = "<group>"; };
		4ED35E412A55B145004B54AC /* PlayBoardViewController.swift */ = {isa = PBXFileReference; lastKnownFileType = sourcecode.swift; path = PlayBoardViewController.swift; sourceTree = "<group>"; };
		4ED35E462A55B146004B54AC /* Assets.xcassets */ = {isa = PBXFileReference; lastKnownFileType = folder.assetcatalog; path = Assets.xcassets; sourceTree = "<group>"; };
		4ED35E4B2A55B146004B54AC /* Info.plist */ = {isa = PBXFileReference; lastKnownFileType = text.plist.xml; path = Info.plist; sourceTree = "<group>"; };
		4ED57E602B62DA9200C7EE3D /* 4337.caf */ = {isa = PBXFileReference; lastKnownFileType = file; name = 4337.caf; path = "../../../../../../Desktop/Новая папка/4337.caf"; sourceTree = "<group>"; };
		4ED57E612B62DA9200C7EE3D /* 4182.caf */ = {isa = PBXFileReference; lastKnownFileType = file; name = 4182.caf; path = "../../../../../../Desktop/Новая папка/4182.caf"; sourceTree = "<group>"; };
		4ED57E622B62DA9200C7EE3D /* 4203.caf */ = {isa = PBXFileReference; lastKnownFileType = file; name = 4203.caf; path = "../../../../../../Desktop/Новая папка/4203.caf"; sourceTree = "<group>"; };
		4ED57E632B62DA9200C7EE3D /* 4319.caf */ = {isa = PBXFileReference; lastKnownFileType = file; name = 4319.caf; path = "../../../../../../Desktop/Новая папка/4319.caf"; sourceTree = "<group>"; };
		4ED57E642B62DA9200C7EE3D /* 4238.caf */ = {isa = PBXFileReference; lastKnownFileType = file; name = 4238.caf; path = "../../../../../../Desktop/Новая папка/4238.caf"; sourceTree = "<group>"; };
		4ED57E652B62DA9200C7EE3D /* 4147.caf */ = {isa = PBXFileReference; lastKnownFileType = file; name = 4147.caf; path = "../../../../../../Desktop/Новая папка/4147.caf"; sourceTree = "<group>"; };
		4ED57E662B62DA9200C7EE3D /* 4151.caf */ = {isa = PBXFileReference; lastKnownFileType = file; name = 4151.caf; path = "../../../../../../Desktop/Новая папка/4151.caf"; sourceTree = "<group>"; };
		4ED57E672B62DA9200C7EE3D /* 4240.caf */ = {isa = PBXFileReference; lastKnownFileType = file; name = 4240.caf; path = "../../../../../../Desktop/Новая папка/4240.caf"; sourceTree = "<group>"; };
		4ED57E682B62DA9200C7EE3D /* 4251.caf */ = {isa = PBXFileReference; lastKnownFileType = file; name = 4251.caf; path = "../../../../../../Desktop/Новая папка/4251.caf"; sourceTree = "<group>"; };
		4ED57E692B62DA9200C7EE3D /* 4268.caf */ = {isa = PBXFileReference; lastKnownFileType = file; name = 4268.caf; path = "../../../../../../Desktop/Новая папка/4268.caf"; sourceTree = "<group>"; };
		4ED57E6A2B62DA9200C7EE3D /* 4366.caf */ = {isa = PBXFileReference; lastKnownFileType = file; name = 4366.caf; path = "../../../../../../Desktop/Новая папка/4366.caf"; sourceTree = "<group>"; };
		4ED57E6B2B62DA9200C7EE3D /* 4233.caf */ = {isa = PBXFileReference; lastKnownFileType = file; name = 4233.caf; path = "../../../../../../Desktop/Новая папка/4233.caf"; sourceTree = "<group>"; };
		4EDB4A162AF12D7000FE32D8 /* SlotView.swift */ = {isa = PBXFileReference; lastKnownFileType = sourcecode.swift; path = SlotView.swift; sourceTree = "<group>"; };
		4EDC61312B14AEBE0069AB50 /* ResultsViewSetupable.swift */ = {isa = PBXFileReference; lastKnownFileType = sourcecode.swift; path = ResultsViewSetupable.swift; sourceTree = "<group>"; };
		4EDC61332B14DE700069AB50 /* SettingsViewSetupable.swift */ = {isa = PBXFileReference; lastKnownFileType = sourcecode.swift; path = SettingsViewSetupable.swift; sourceTree = "<group>"; };
		4EE0EA052B0F8A55008BDC72 /* ResultsView.swift */ = {isa = PBXFileReference; lastKnownFileType = sourcecode.swift; path = ResultsView.swift; sourceTree = "<group>"; };
		4EE0EA072B0F8ED6008BDC72 /* ResultsViewController.swift */ = {isa = PBXFileReference; lastKnownFileType = sourcecode.swift; path = ResultsViewController.swift; sourceTree = "<group>"; };
		4EE0EA092B0F901C008BDC72 /* ResultsDisplayable.swift */ = {isa = PBXFileReference; lastKnownFileType = sourcecode.swift; path = ResultsDisplayable.swift; sourceTree = "<group>"; };
		4EE0EA0B2B0F9074008BDC72 /* ResultsPresenter.swift */ = {isa = PBXFileReference; lastKnownFileType = sourcecode.swift; path = ResultsPresenter.swift; sourceTree = "<group>"; };
		4EE0EA0D2B0F90AD008BDC72 /* ResultsPresentable.swift */ = {isa = PBXFileReference; lastKnownFileType = sourcecode.swift; path = ResultsPresentable.swift; sourceTree = "<group>"; };
		4EE0EA0F2B0FA568008BDC72 /* TimeInterval.swift */ = {isa = PBXFileReference; lastKnownFileType = sourcecode.swift; path = TimeInterval.swift; sourceTree = "<group>"; };
		4EE21F752AE2DC8C00A71B6D /* Storageable.swift */ = {isa = PBXFileReference; lastKnownFileType = sourcecode.swift; path = Storageable.swift; sourceTree = "<group>"; };
		4EE427022ABB3464003FCECD /* FireworksLayer.swift */ = {isa = PBXFileReference; lastKnownFileType = sourcecode.swift; path = FireworksLayer.swift; sourceTree = "<group>"; };
		4EEA8FE42AF1C0EB00839577 /* Design.swift */ = {isa = PBXFileReference; lastKnownFileType = sourcecode.swift; path = Design.swift; sourceTree = "<group>"; };
		4EF3581C2AD426170058C2FB /* Appearance.swift */ = {isa = PBXFileReference; lastKnownFileType = sourcecode.swift; path = Appearance.swift; sourceTree = "<group>"; };
		4EF3B8432B220767002C36C5 /* NavigationController.swift */ = {isa = PBXFileReference; lastKnownFileType = sourcecode.swift; path = NavigationController.swift; sourceTree = "<group>"; };
		4EF3B8452B2211EA002C36C5 /* PushAnimatedTransitioning.swift */ = {isa = PBXFileReference; lastKnownFileType = sourcecode.swift; path = PushAnimatedTransitioning.swift; sourceTree = "<group>"; };
		4EF61F5A2A5778DA00E79C74 /* CardView.swift */ = {isa = PBXFileReference; lastKnownFileType = sourcecode.swift; path = CardView.swift; sourceTree = "<group>"; };
/* End PBXFileReference section */

/* Begin PBXFrameworksBuildPhase section */
		4E0677FF2B309DA300493EA2 /* Frameworks */ = {
			isa = PBXFrameworksBuildPhase;
			buildActionMask = 2147483647;
			files = (
			);
			runOnlyForDeploymentPostprocessing = 0;
		};
		4ED35E372A55B145004B54AC /* Frameworks */ = {
			isa = PBXFrameworksBuildPhase;
			buildActionMask = 2147483647;
			files = (
				4E2C47412B61281600B6B078 /* AVFoundation.framework in Frameworks */,
			);
			runOnlyForDeploymentPostprocessing = 0;
		};
/* End PBXFrameworksBuildPhase section */

/* Begin PBXGroup section */
		4E027BBC2A5DAAB6009CB092 /* Services */ = {
			isa = PBXGroup;
			children = (
				4E98C57A2A5890040034522B /* Emoji.swift */,
				4E027BBA2A5D8C43009CB092 /* Flag.swift */,
				4EE21F752AE2DC8C00A71B6D /* Storageable.swift */,
				4E15FCDB2B5405C00037A70F /* Audio.swift */,
				4ECA02E92B5C5A56005ABE9B /* AudioFileManager.swift */,
			);
			path = Services;
			sourceTree = "<group>";
		};
		4E0678032B309DA300493EA2 /* EmojiMatchingGameTests */ = {
			isa = PBXGroup;
			children = (
				4E87BEB02B31BAB9000EEF32 /* Entities */,
				4E06780B2B309E6800493EA2 /* Core */,
				4E87BEB92B31E7F3000EEF32 /* Services */,
			);
			path = EmojiMatchingGameTests;
			sourceTree = "<group>";
		};
		4E06780B2B309E6800493EA2 /* Core */ = {
			isa = PBXGroup;
			children = (
				4E06780C2B309E7A00493EA2 /* Extentions */,
			);
			path = Core;
			sourceTree = "<group>";
		};
		4E06780C2B309E7A00493EA2 /* Extentions */ = {
			isa = PBXGroup;
			children = (
				4E87BEAC2B31AEF4000EEF32 /* UIImageTests.swift */,
				4E87BEA82B310040000EEF32 /* UIColorTests.swift */,
				4E06780D2B309EB200493EA2 /* TimeIntervalTests.swift */,
				4E87BEAA2B31A814000EEF32 /* UIFontTests.swift */,
			);
			path = Extentions;
			sourceTree = "<group>";
		};
		4E13C4052ACED83E00F40235 /* GameOver */ = {
			isa = PBXGroup;
			children = (
				4E13C4062ACED84C00F40235 /* View */,
				4E13C4072ACED85100F40235 /* ViewController */,
				4E13C4082ACED85900F40235 /* Presenter */,
			);
			path = GameOver;
			sourceTree = "<group>";
		};
		4E13C4062ACED84C00F40235 /* View */ = {
			isa = PBXGroup;
			children = (
				4E2AFDDF2AAB57A700E00A1B /* GameOverView.swift */,
			);
			path = View;
			sourceTree = "<group>";
		};
		4E13C4072ACED85100F40235 /* ViewController */ = {
			isa = PBXGroup;
			children = (
				4E4EAC3B2AD04C9F00AF5D35 /* GameOverDisplayable.swift */,
				4E13C40A2ACED8AC00F40235 /* GameOverViewController.swift */,
			);
			path = ViewController;
			sourceTree = "<group>";
		};
		4E13C4082ACED85900F40235 /* Presenter */ = {
			isa = PBXGroup;
			children = (
				4E4EAC392AD04C1D00AF5D35 /* GameOverPresentable.swift */,
				4E13C40C2ACEE1E600F40235 /* GameOverPresenter.swift */,
			);
			path = Presenter;
			sourceTree = "<group>";
		};
		4E15FCDD2B5408BD0037A70F /* UISounds */ = {
			isa = PBXGroup;
			children = (
				4ED57E652B62DA9200C7EE3D /* 4147.caf */,
				4ED57E662B62DA9200C7EE3D /* 4151.caf */,
				4ED57E612B62DA9200C7EE3D /* 4182.caf */,
				4ED57E622B62DA9200C7EE3D /* 4203.caf */,
				4ED57E6B2B62DA9200C7EE3D /* 4233.caf */,
				4ED57E642B62DA9200C7EE3D /* 4238.caf */,
				4ED57E672B62DA9200C7EE3D /* 4240.caf */,
				4ED57E682B62DA9200C7EE3D /* 4251.caf */,
				4ED57E692B62DA9200C7EE3D /* 4268.caf */,
				4ED57E632B62DA9200C7EE3D /* 4319.caf */,
				4ED57E602B62DA9200C7EE3D /* 4337.caf */,
				4ED57E6A2B62DA9200C7EE3D /* 4366.caf */,
				4E2C473A2B61256300B6B078 /* 4163.caf */,
				4E2C473C2B61257600B6B078 /* 4323.caf */,
			);
			path = UISounds;
			sourceTree = "<group>";
		};
		4E17E23B2A66DF2F00391454 /* Entities */ = {
			isa = PBXGroup;
			children = (
				4E86D6092A56EBCD00E23388 /* Level.swift */,
				4E433E772AE14D39004B4E98 /* User.swift */,
				4EF3581C2AD426170058C2FB /* Appearance.swift */,
			);
			path = Entities;
			sourceTree = "<group>";
		};
		4E17E23C2A66DF5200391454 /* Core */ = {
			isa = PBXGroup;
			children = (
				4EF3B8422B22074D002C36C5 /* CustomTransitionAnimations */,
				4E339FFD2B1BA01800D362E0 /* TimeMeter */,
				4E4AB02F2AF52AE600A94328 /* Observer */,
				4EEA8FE32AF1C07F00839577 /* Design */,
				4E4923A62AAB4409002B65BC /* Extentions */,
				4EE427012ABB344E003FCECD /* Fireworks */,
			);
			path = Core;
			sourceTree = "<group>";
		};
		4E2C473E2B6127DC00B6B078 /* Frameworks */ = {
			isa = PBXGroup;
			children = (
				4E2C473F2B6127DC00B6B078 /* AVFoundation.framework */,
			);
			name = Frameworks;
			sourceTree = "<group>";
		};
		4E31F43E2AFD3EE3005EA317 /* SegmentedControlConfiguration */ = {
			isa = PBXGroup;
			children = (
				4E31F43F2AFD3F3C005EA317 /* LevelSegmentedControl.swift */,
			);
			path = SegmentedControlConfiguration;
			sourceTree = "<group>";
		};
		4E339FFD2B1BA01800D362E0 /* TimeMeter */ = {
			isa = PBXGroup;
			children = (
				4E339FFE2B1BA05B00D362E0 /* TimeMeter.swift */,
			);
			path = TimeMeter;
			sourceTree = "<group>";
		};
		4E4923A62AAB4409002B65BC /* Extentions */ = {
			isa = PBXGroup;
			children = (
				4E4923A92AAB4577002B65BC /* CAGradientLayer.swift */,
				4E343B0A2AC31DE300D169DD /* UIImage.swift */,
				4E433E792AE15DDC004B4E98 /* UIColor.swift */,
				4E73BB142AF25BE1004EDEC0 /* UIFont.swift */,
				4EE0EA0F2B0FA568008BDC72 /* TimeInterval.swift */,
			);
			path = Extentions;
			sourceTree = "<group>";
		};
		4E4AB02F2AF52AE600A94328 /* Observer */ = {
			isa = PBXGroup;
			children = (
				4E4AB0312AF52B1100A94328 /* Observer.swift */,
			);
			path = Observer;
			sourceTree = "<group>";
		};
		4E5EB6DA2AA61E280074C7B5 /* Router */ = {
			isa = PBXGroup;
			children = (
				4E5EB6DD2AA620F90074C7B5 /* Routable.swift */,
				4E5EB6DF2AA622770074C7B5 /* Router.swift */,
			);
			path = Router;
			sourceTree = "<group>";
		};
		4E5EB6DB2AA61E630074C7B5 /* Assembly */ = {
			isa = PBXGroup;
			children = (
				4E5EB6E12AA625F30074C7B5 /* Buildable.swift */,
				4E5EB6E32AA6278D0074C7B5 /* Builder.swift */,
			);
			path = Assembly;
			sourceTree = "<group>";
		};
		4E5EB6DC2AA61E9D0074C7B5 /* Resources  */ = {
			isa = PBXGroup;
			children = (
				4E15FCDD2B5408BD0037A70F /* UISounds */,
				4E560ACA2B3C7FA900088648 /* Localizable.xcstrings */,
				4ED35E462A55B146004B54AC /* Assets.xcassets */,
				4ED35E482A55B146004B54AC /* LaunchScreen.storyboard */,
			);
			path = "Resources ";
			sourceTree = "<group>";
		};
		4E64AD8F2A602A5100A7E40C /* Presenter */ = {
			isa = PBXGroup;
			children = (
				4E4EAC312AD03EDB00AF5D35 /* PlayBoardPresentable.swift */,
				4E64AD912A602AF200A7E40C /* PlayBoardPresenter.swift */,
			);
			path = Presenter;
			sourceTree = "<group>";
		};
		4E7BF6B42AFABB6C00FFDF0A /* ButtonConfiguration */ = {
			isa = PBXGroup;
			children = (
				4E7BF6B52AFABBE100FFDF0A /* BackButton.swift */,
				4E31F43C2AFD3C45005EA317 /* SoundVolumeButton.swift */,
			);
			path = ButtonConfiguration;
			sourceTree = "<group>";
		};
		4E7FAB362A9F797D0020C771 /* App */ = {
			isa = PBXGroup;
			children = (
				4E7FAB372A9F79AD0020C771 /* MainMenu */,
				4E86D6042A55B6E800E23388 /* PlayBoard */,
				4E13C4052ACED83E00F40235 /* GameOver */,
				4EF358182AD425CF0058C2FB /* Settings */,
				4EE0EA012B0F89D7008BDC72 /* Results */,
				4ED35E3D2A55B145004B54AC /* AppDelegate.swift */,
				4ED35E3F2A55B145004B54AC /* SceneDelegate.swift */,
			);
			path = App;
			sourceTree = "<group>";
		};
		4E7FAB372A9F79AD0020C771 /* MainMenu */ = {
			isa = PBXGroup;
			children = (
				4E7FAB382A9F79D50020C771 /* View */,
				4E7FAB392A9F79DC0020C771 /* ViewController */,
				4E7FAB3A2A9F79E40020C771 /* Presenter */,
			);
			path = MainMenu;
			sourceTree = "<group>";
		};
		4E7FAB382A9F79D50020C771 /* View */ = {
			isa = PBXGroup;
			children = (
				4E4EAC352AD040CB00AF5D35 /* GradientAnimatable.swift */,
				4E22CF8E2B16499900044EBD /* MainMenuSetupable.swift */,
				4E7FAB3D2A9F8B360020C771 /* MainMenuView.swift */,
			);
			path = View;
			sourceTree = "<group>";
		};
		4E7FAB392A9F79DC0020C771 /* ViewController */ = {
			isa = PBXGroup;
			children = (
				4E4EAC332AD0403B00AF5D35 /* MainMenuDisplayable.swift */,
				4E7FAB3B2A9F7A170020C771 /* MainMenuViewController.swift */,
			);
			path = ViewController;
			sourceTree = "<group>";
		};
		4E7FAB3A2A9F79E40020C771 /* Presenter */ = {
			isa = PBXGroup;
			children = (
				4E4EAC2F2AD03EB700AF5D35 /* MainMenuPresentable.swift */,
				4E5EB6E52AA636620074C7B5 /* MainMenuPresenter.swift */,
			);
			path = Presenter;
			sourceTree = "<group>";
		};
		4E86D6042A55B6E800E23388 /* PlayBoard */ = {
			isa = PBXGroup;
			children = (
				4E86D6052A55B71200E23388 /* View */,
				4E86D6062A55B73400E23388 /* ViewController */,
				4E64AD8F2A602A5100A7E40C /* Presenter */,
			);
			path = PlayBoard;
			sourceTree = "<group>";
		};
		4E86D6052A55B71200E23388 /* View */ = {
			isa = PBXGroup;
			children = (
				4EC574F62B02623900295E57 /* CardView */,
				4E31F43E2AFD3EE3005EA317 /* SegmentedControlConfiguration */,
				4E7BF6B42AFABB6C00FFDF0A /* ButtonConfiguration */,
				4EC574F52B02622100295E57 /* PlayBoardView */,
			);
			path = View;
			sourceTree = "<group>";
		};
		4E86D6062A55B73400E23388 /* ViewController */ = {
			isa = PBXGroup;
			children = (
				4E4EAC372AD0426100AF5D35 /* PlayBoardDisplayable.swift */,
				4ED35E412A55B145004B54AC /* PlayBoardViewController.swift */,
			);
			path = ViewController;
			sourceTree = "<group>";
		};
		4E87BEB02B31BAB9000EEF32 /* Entities */ = {
			isa = PBXGroup;
			children = (
				4E87BEB12B31BACF000EEF32 /* LevelTests.swift */,
				4E87BEB42B31C1F5000EEF32 /* UserTests.swift */,
				4E87BEB72B31D8E0000EEF32 /* AppearanceTests.swift */,
			);
			path = Entities;
			sourceTree = "<group>";
		};
		4E87BEB92B31E7F3000EEF32 /* Services */ = {
			isa = PBXGroup;
			children = (
				4E87BEBA2B31E81C000EEF32 /* EmojiTests.swift */,
				4E87BEBC2B31F6E7000EEF32 /* FlagTests.swift */,
			);
			path = Services;
			sourceTree = "<group>";
		};
		4EC574F52B02622100295E57 /* PlayBoardView */ = {
			isa = PBXGroup;
			children = (
				4E13EF9B2B67C9EC0000B29E /* PlayBoardViewDelegate.swift */,
				4EC574F72B02626800295E57 /* PlayBoardViewDisplayable.swift */,
				4E86D6072A55B75900E23388 /* PlayBoardView_StackView.swift */,
				4ED1D0442B18906B00F8B73F /* PlayBoardView_ManualLayout.swift */,
			);
			path = PlayBoardView;
			sourceTree = "<group>";
		};
		4EC574F62B02623900295E57 /* CardView */ = {
			isa = PBXGroup;
			children = (
				4E13EF9D2B67F56D0000B29E /* CardAnimatable.swift */,
				4EF61F5A2A5778DA00E79C74 /* CardView.swift */,
			);
			path = CardView;
			sourceTree = "<group>";
		};
		4ED35E312A55B145004B54AC = {
			isa = PBXGroup;
			children = (
				4ED35E3C2A55B145004B54AC /* EmojiMatchingGame */,
				4E0678032B309DA300493EA2 /* EmojiMatchingGameTests */,
				4ED35E3B2A55B145004B54AC /* Products */,
				4E2C473E2B6127DC00B6B078 /* Frameworks */,
			);
			sourceTree = "<group>";
		};
		4ED35E3B2A55B145004B54AC /* Products */ = {
			isa = PBXGroup;
			children = (
				4ED35E3A2A55B145004B54AC /* EmojiMatchingGame.app */,
				4E0678022B309DA300493EA2 /* EmojiMatchingGameTests.xctest */,
			);
			name = Products;
			sourceTree = "<group>";
		};
		4ED35E3C2A55B145004B54AC /* EmojiMatchingGame */ = {
			isa = PBXGroup;
			children = (
				4E5EB6DC2AA61E9D0074C7B5 /* Resources  */,
				4E17E23B2A66DF2F00391454 /* Entities */,
				4E17E23C2A66DF5200391454 /* Core */,
				4E027BBC2A5DAAB6009CB092 /* Services */,
				4E5EB6DB2AA61E630074C7B5 /* Assembly */,
				4E5EB6DA2AA61E280074C7B5 /* Router */,
				4E7FAB362A9F797D0020C771 /* App */,
				4ED35E4B2A55B146004B54AC /* Info.plist */,
			);
			path = EmojiMatchingGame;
			sourceTree = "<group>";
		};
		4EE0EA012B0F89D7008BDC72 /* Results */ = {
			isa = PBXGroup;
			children = (
				4EE0EA042B0F8A2D008BDC72 /* View */,
				4EE0EA032B0F8A24008BDC72 /* ViewController */,
				4EE0EA022B0F8A1B008BDC72 /* Presenter */,
			);
			path = Results;
			sourceTree = "<group>";
		};
		4EE0EA022B0F8A1B008BDC72 /* Presenter */ = {
			isa = PBXGroup;
			children = (
				4EE0EA0D2B0F90AD008BDC72 /* ResultsPresentable.swift */,
				4EE0EA0B2B0F9074008BDC72 /* ResultsPresenter.swift */,
			);
			path = Presenter;
			sourceTree = "<group>";
		};
		4EE0EA032B0F8A24008BDC72 /* ViewController */ = {
			isa = PBXGroup;
			children = (
				4EE0EA092B0F901C008BDC72 /* ResultsDisplayable.swift */,
				4EE0EA072B0F8ED6008BDC72 /* ResultsViewController.swift */,
			);
			path = ViewController;
			sourceTree = "<group>";
		};
		4EE0EA042B0F8A2D008BDC72 /* View */ = {
			isa = PBXGroup;
			children = (
				4EDC61312B14AEBE0069AB50 /* ResultsViewSetupable.swift */,
				4EE0EA052B0F8A55008BDC72 /* ResultsView.swift */,
			);
			path = View;
			sourceTree = "<group>";
		};
		4EE427012ABB344E003FCECD /* Fireworks */ = {
			isa = PBXGroup;
			children = (
				4EE427022ABB3464003FCECD /* FireworksLayer.swift */,
				4E343B0C2AC3351900D169DD /* EmittedParticle.swift */,
			);
			path = Fireworks;
			sourceTree = "<group>";
		};
		4EEA8FE32AF1C07F00839577 /* Design */ = {
			isa = PBXGroup;
			children = (
				4EEA8FE42AF1C0EB00839577 /* Design.swift */,
			);
			path = Design;
			sourceTree = "<group>";
		};
		4EF358182AD425CF0058C2FB /* Settings */ = {
			isa = PBXGroup;
			children = (
				4EF3581B2AD425FC0058C2FB /* View */,
				4EF3581A2AD425EF0058C2FB /* ViewController */,
				4EF358192AD425E10058C2FB /* Presenter */,
			);
			path = Settings;
			sourceTree = "<group>";
		};
		4EF358192AD425E10058C2FB /* Presenter */ = {
			isa = PBXGroup;
			children = (
				4E73BB182AF29035004EDEC0 /* SettingsPresentable.swift */,
				4E73BB162AF2901A004EDEC0 /* SettingsPresenter.swift */,
			);
			path = Presenter;
			sourceTree = "<group>";
		};
		4EF3581A2AD425EF0058C2FB /* ViewController */ = {
			isa = PBXGroup;
			children = (
				4E73BB1A2AF2908F004EDEC0 /* SettingsDisplayable.swift */,
				4E777D9C2AE7F83700C6F716 /* SettingsViewController.swift */,
			);
			path = ViewController;
			sourceTree = "<group>";
		};
		4EF3581B2AD425FC0058C2FB /* View */ = {
			isa = PBXGroup;
			children = (
				4EDC61332B14DE700069AB50 /* SettingsViewSetupable.swift */,
				4EDB4A162AF12D7000FE32D8 /* SlotView.swift */,
				4E777D9E2AE7F8F800C6F716 /* SettingsView.swift */,
			);
			path = View;
			sourceTree = "<group>";
		};
		4EF3B8422B22074D002C36C5 /* CustomTransitionAnimations */ = {
			isa = PBXGroup;
			children = (
				4EF3B8432B220767002C36C5 /* NavigationController.swift */,
				4EF3B8452B2211EA002C36C5 /* PushAnimatedTransitioning.swift */,
				4EB867BD2B23BC8500B19EB3 /* PopAnimatedTransitioning.swift */,
			);
			path = CustomTransitionAnimations;
			sourceTree = "<group>";
		};
/* End PBXGroup section */

/* Begin PBXNativeTarget section */
		4E0678012B309DA300493EA2 /* EmojiMatchingGameTests */ = {
			isa = PBXNativeTarget;
			buildConfigurationList = 4E06780A2B309DA300493EA2 /* Build configuration list for PBXNativeTarget "EmojiMatchingGameTests" */;
			buildPhases = (
				4E0677FE2B309DA300493EA2 /* Sources */,
				4E0677FF2B309DA300493EA2 /* Frameworks */,
				4E0678002B309DA300493EA2 /* Resources */,
			);
			buildRules = (
			);
			dependencies = (
				4E0678072B309DA300493EA2 /* PBXTargetDependency */,
			);
			name = EmojiMatchingGameTests;
			productName = EmojiMatchingGameTests;
			productReference = 4E0678022B309DA300493EA2 /* EmojiMatchingGameTests.xctest */;
			productType = "com.apple.product-type.bundle.unit-test";
		};
		4ED35E392A55B145004B54AC /* EmojiMatchingGame */ = {
			isa = PBXNativeTarget;
			buildConfigurationList = 4ED35E4E2A55B146004B54AC /* Build configuration list for PBXNativeTarget "EmojiMatchingGame" */;
			buildPhases = (
				4ED35E362A55B145004B54AC /* Sources */,
				4ED35E372A55B145004B54AC /* Frameworks */,
				4ED35E382A55B145004B54AC /* Resources */,
			);
			buildRules = (
			);
			dependencies = (
			);
			name = EmojiMatchingGame;
			productName = EmojiMatchingGame;
			productReference = 4ED35E3A2A55B145004B54AC /* EmojiMatchingGame.app */;
			productType = "com.apple.product-type.application";
		};
/* End PBXNativeTarget section */

/* Begin PBXProject section */
		4ED35E322A55B145004B54AC /* Project object */ = {
			isa = PBXProject;
			attributes = {
				BuildIndependentTargetsInParallel = 1;
				LastSwiftUpdateCheck = 1510;
				LastUpgradeCheck = 1520;
				TargetAttributes = {
					4E0678012B309DA300493EA2 = {
						CreatedOnToolsVersion = 15.1;
						TestTargetID = 4ED35E392A55B145004B54AC;
					};
					4ED35E392A55B145004B54AC = {
						CreatedOnToolsVersion = 14.3.1;
					};
				};
			};
			buildConfigurationList = 4ED35E352A55B145004B54AC /* Build configuration list for PBXProject "EmojiMatchingGame" */;
			compatibilityVersion = "Xcode 14.0";
			developmentRegion = en;
			hasScannedForEncodings = 0;
			knownRegions = (
				en,
				Base,
				ru,
				fr,
				uk,
				de,
				es,
			);
			mainGroup = 4ED35E312A55B145004B54AC;
			productRefGroup = 4ED35E3B2A55B145004B54AC /* Products */;
			projectDirPath = "";
			projectRoot = "";
			targets = (
				4ED35E392A55B145004B54AC /* EmojiMatchingGame */,
				4E0678012B309DA300493EA2 /* EmojiMatchingGameTests */,
			);
		};
/* End PBXProject section */

/* Begin PBXResourcesBuildPhase section */
		4E0678002B309DA300493EA2 /* Resources */ = {
			isa = PBXResourcesBuildPhase;
			buildActionMask = 2147483647;
			files = (
				4E560AC92B3C7BDB00088648 /* LaunchScreen.storyboard in Resources */,
			);
			runOnlyForDeploymentPostprocessing = 0;
		};
		4ED35E382A55B145004B54AC /* Resources */ = {
			isa = PBXResourcesBuildPhase;
			buildActionMask = 2147483647;
			files = (
				4ED35E4A2A55B146004B54AC /* LaunchScreen.storyboard in Resources */,
				4ED57E6E2B62DA9200C7EE3D /* 4203.caf in Resources */,
				4ED57E6C2B62DA9200C7EE3D /* 4337.caf in Resources */,
				4ED57E762B62DA9200C7EE3D /* 4366.caf in Resources */,
				4ED57E712B62DA9200C7EE3D /* 4147.caf in Resources */,
				4ED57E752B62DA9200C7EE3D /* 4268.caf in Resources */,
				4ED35E472A55B146004B54AC /* Assets.xcassets in Resources */,
				4E2C473B2B61256300B6B078 /* 4163.caf in Resources */,
				4ED57E772B62DA9200C7EE3D /* 4233.caf in Resources */,
				4ED57E742B62DA9200C7EE3D /* 4251.caf in Resources */,
				4ED57E732B62DA9200C7EE3D /* 4240.caf in Resources */,
				4E560ACB2B3C7FA900088648 /* Localizable.xcstrings in Resources */,
				4ED57E722B62DA9200C7EE3D /* 4151.caf in Resources */,
				4ED57E6D2B62DA9200C7EE3D /* 4182.caf in Resources */,
				4ED57E6F2B62DA9200C7EE3D /* 4319.caf in Resources */,
				4E2C473D2B61257600B6B078 /* 4323.caf in Resources */,
				4ED57E702B62DA9200C7EE3D /* 4238.caf in Resources */,
			);
			runOnlyForDeploymentPostprocessing = 0;
		};
/* End PBXResourcesBuildPhase section */

/* Begin PBXSourcesBuildPhase section */
		4E0677FE2B309DA300493EA2 /* Sources */ = {
			isa = PBXSourcesBuildPhase;
			buildActionMask = 2147483647;
			files = (
				4E87BEB52B31C1F5000EEF32 /* UserTests.swift in Sources */,
				4E87BEB82B31D8E0000EEF32 /* AppearanceTests.swift in Sources */,
				4E87BEBB2B31E81C000EEF32 /* EmojiTests.swift in Sources */,
				4E87BEAB2B31A814000EEF32 /* UIFontTests.swift in Sources */,
				4E87BEAD2B31AEF4000EEF32 /* UIImageTests.swift in Sources */,
				4E87BEBD2B31F6E7000EEF32 /* FlagTests.swift in Sources */,
				4E06780E2B309EB200493EA2 /* TimeIntervalTests.swift in Sources */,
				4E87BEB22B31BACF000EEF32 /* LevelTests.swift in Sources */,
				4E87BEA92B310040000EEF32 /* UIColorTests.swift in Sources */,
			);
			runOnlyForDeploymentPostprocessing = 0;
		};
		4ED35E362A55B145004B54AC /* Sources */ = {
			isa = PBXSourcesBuildPhase;
			buildActionMask = 2147483647;
			files = (
				4ED35E422A55B145004B54AC /* PlayBoardViewController.swift in Sources */,
				4E4EAC382AD0426100AF5D35 /* PlayBoardDisplayable.swift in Sources */,
				4E4AB0322AF52B1100A94328 /* Observer.swift in Sources */,
				4E343B0B2AC31DE300D169DD /* UIImage.swift in Sources */,
				4E7FAB3E2A9F8B360020C771 /* MainMenuView.swift in Sources */,
				4E73BB192AF29035004EDEC0 /* SettingsPresentable.swift in Sources */,
				4E5EB6DE2AA620F90074C7B5 /* Routable.swift in Sources */,
				4EEA8FE52AF1C0EB00839577 /* Design.swift in Sources */,
				4E5EB6E22AA625F30074C7B5 /* Buildable.swift in Sources */,
				4ED35E3E2A55B145004B54AC /* AppDelegate.swift in Sources */,
				4E13C40D2ACEE1E600F40235 /* GameOverPresenter.swift in Sources */,
				4ED1D0452B18906B00F8B73F /* PlayBoardView_ManualLayout.swift in Sources */,
				4E98C57B2A5890040034522B /* Emoji.swift in Sources */,
				4E7FAB3C2A9F7A170020C771 /* MainMenuViewController.swift in Sources */,
				4EE0EA082B0F8ED6008BDC72 /* ResultsViewController.swift in Sources */,
				4E31F4402AFD3F3C005EA317 /* LevelSegmentedControl.swift in Sources */,
				4E4923AA2AAB4577002B65BC /* CAGradientLayer.swift in Sources */,
				4EE0EA102B0FA568008BDC72 /* TimeInterval.swift in Sources */,
				4EDC61342B14DE700069AB50 /* SettingsViewSetupable.swift in Sources */,
				4E4EAC3A2AD04C1D00AF5D35 /* GameOverPresentable.swift in Sources */,
				4E4EAC362AD040CB00AF5D35 /* GradientAnimatable.swift in Sources */,
				4E22CF8F2B16499900044EBD /* MainMenuSetupable.swift in Sources */,
				4E027BBB2A5D8C43009CB092 /* Flag.swift in Sources */,
				4EE427032ABB3464003FCECD /* FireworksLayer.swift in Sources */,
				4E31F43D2AFD3C45005EA317 /* SoundVolumeButton.swift in Sources */,
				4E5EB6E62AA636620074C7B5 /* MainMenuPresenter.swift in Sources */,
				4E2AFDE02AAB57A700E00A1B /* GameOverView.swift in Sources */,
				4EE0EA0A2B0F901C008BDC72 /* ResultsDisplayable.swift in Sources */,
				4E343B0D2AC3351900D169DD /* EmittedParticle.swift in Sources */,
				4E73BB172AF2901A004EDEC0 /* SettingsPresenter.swift in Sources */,
				4EB867BE2B23BC8500B19EB3 /* PopAnimatedTransitioning.swift in Sources */,
				4EE0EA0C2B0F9074008BDC72 /* ResultsPresenter.swift in Sources */,
				4E64AD922A602AF200A7E40C /* PlayBoardPresenter.swift in Sources */,
				4ED35E402A55B145004B54AC /* SceneDelegate.swift in Sources */,
				4ECA02EA2B5C5A56005ABE9B /* AudioFileManager.swift in Sources */,
				4E7BF6B62AFABBE100FFDF0A /* BackButton.swift in Sources */,
				4EC574F82B02626800295E57 /* PlayBoardViewDisplayable.swift in Sources */,
				4EF3B8442B220767002C36C5 /* NavigationController.swift in Sources */,
				4EDB4A172AF12D7000FE32D8 /* SlotView.swift in Sources */,
				4EDC61322B14AEBE0069AB50 /* ResultsViewSetupable.swift in Sources */,
				4E4EAC302AD03EB700AF5D35 /* MainMenuPresentable.swift in Sources */,
				4E777D9F2AE7F8F800C6F716 /* SettingsView.swift in Sources */,
				4E13EF9C2B67C9EC0000B29E /* PlayBoardViewDelegate.swift in Sources */,
				4EF3B8462B2211EA002C36C5 /* PushAnimatedTransitioning.swift in Sources */,
				4EE0EA0E2B0F90AD008BDC72 /* ResultsPresentable.swift in Sources */,
				4EF3581D2AD426170058C2FB /* Appearance.swift in Sources */,
				4E73BB1B2AF2908F004EDEC0 /* SettingsDisplayable.swift in Sources */,
				4E433E7A2AE15DDC004B4E98 /* UIColor.swift in Sources */,
				4E777D9D2AE7F83700C6F716 /* SettingsViewController.swift in Sources */,
				4E4EAC342AD0403B00AF5D35 /* MainMenuDisplayable.swift in Sources */,
				4E4EAC322AD03EDB00AF5D35 /* PlayBoardPresentable.swift in Sources */,
				4EE0EA062B0F8A55008BDC72 /* ResultsView.swift in Sources */,
				4E15FCDC2B5405C00037A70F /* Audio.swift in Sources */,
				4E5EB6E02AA622770074C7B5 /* Router.swift in Sources */,
				4E86D60A2A56EBCD00E23388 /* Level.swift in Sources */,
				4E13EF9E2B67F56D0000B29E /* CardAnimatable.swift in Sources */,
				4E4EAC3C2AD04C9F00AF5D35 /* GameOverDisplayable.swift in Sources */,
				4E13C40B2ACED8AC00F40235 /* GameOverViewController.swift in Sources */,
				4EE21F762AE2DC8C00A71B6D /* Storageable.swift in Sources */,
				4EF61F5B2A5778DA00E79C74 /* CardView.swift in Sources */,
				4E73BB152AF25BE1004EDEC0 /* UIFont.swift in Sources */,
				4E339FFF2B1BA05B00D362E0 /* TimeMeter.swift in Sources */,
				4E86D6082A55B75900E23388 /* PlayBoardView_StackView.swift in Sources */,
				4E5EB6E42AA6278D0074C7B5 /* Builder.swift in Sources */,
				4E433E782AE14D39004B4E98 /* User.swift in Sources */,
			);
			runOnlyForDeploymentPostprocessing = 0;
		};
/* End PBXSourcesBuildPhase section */

/* Begin PBXTargetDependency section */
		4E0678072B309DA300493EA2 /* PBXTargetDependency */ = {
			isa = PBXTargetDependency;
			target = 4ED35E392A55B145004B54AC /* EmojiMatchingGame */;
			targetProxy = 4E0678062B309DA300493EA2 /* PBXContainerItemProxy */;
		};
/* End PBXTargetDependency section */

/* Begin PBXVariantGroup section */
		4ED35E482A55B146004B54AC /* LaunchScreen.storyboard */ = {
			isa = PBXVariantGroup;
			children = (
				4E560AC22B3C75F100088648 /* Base */,
				4E560AC52B3C794C00088648 /* en */,
				4E560AC72B3C7ADC00088648 /* ru */,
				4E560AC82B3C7B9600088648 /* fr */,
				4E560ACC2B3C7FF700088648 /* uk */,
			);
			name = LaunchScreen.storyboard;
			sourceTree = "<group>";
		};
/* End PBXVariantGroup section */

/* Begin XCBuildConfiguration section */
		4E0678082B309DA300493EA2 /* Debug */ = {
			isa = XCBuildConfiguration;
			buildSettings = {
				BUNDLE_LOADER = "$(TEST_HOST)";
				CODE_SIGN_STYLE = Automatic;
				CURRENT_PROJECT_VERSION = 1;
				DEAD_CODE_STRIPPING = YES;
				DEVELOPMENT_TEAM = 8532FW2M88;
				GCC_C_LANGUAGE_STANDARD = gnu17;
				GENERATE_INFOPLIST_FILE = YES;
				IPHONEOS_DEPLOYMENT_TARGET = 17.2;
				LOCALIZATION_PREFERS_STRING_CATALOGS = YES;
				MACOSX_DEPLOYMENT_TARGET = 14.2;
				MARKETING_VERSION = 1.0;
				PRODUCT_BUNDLE_IDENTIFIER = ru.Vladimir.Lesnykh.EmojiMatchingGameTests;
				PRODUCT_NAME = "$(TARGET_NAME)";
				SDKROOT = auto;
				SUPPORTED_PLATFORMS = "iphoneos iphonesimulator";
				SUPPORTS_MACCATALYST = NO;
				SUPPORTS_MAC_DESIGNED_FOR_IPHONE_IPAD = YES;
				SWIFT_ACTIVE_COMPILATION_CONDITIONS = "DEBUG $(inherited)";
				SWIFT_EMIT_LOC_STRINGS = NO;
				SWIFT_VERSION = 5.0;
				TARGETED_DEVICE_FAMILY = 2;
				TEST_HOST = "$(BUILT_PRODUCTS_DIR)/EmojiMatchingGame.app/$(BUNDLE_EXECUTABLE_FOLDER_PATH)/EmojiMatchingGame";
			};
			name = Debug;
		};
		4E0678092B309DA300493EA2 /* Release */ = {
			isa = XCBuildConfiguration;
			buildSettings = {
				BUNDLE_LOADER = "$(TEST_HOST)";
				CODE_SIGN_STYLE = Automatic;
				CURRENT_PROJECT_VERSION = 1;
				DEAD_CODE_STRIPPING = YES;
				DEVELOPMENT_TEAM = 8532FW2M88;
				GCC_C_LANGUAGE_STANDARD = gnu17;
				GENERATE_INFOPLIST_FILE = YES;
				IPHONEOS_DEPLOYMENT_TARGET = 17.2;
				LOCALIZATION_PREFERS_STRING_CATALOGS = YES;
				MACOSX_DEPLOYMENT_TARGET = 14.2;
				MARKETING_VERSION = 1.0;
				PRODUCT_BUNDLE_IDENTIFIER = ru.Vladimir.Lesnykh.EmojiMatchingGameTests;
				PRODUCT_NAME = "$(TARGET_NAME)";
				SDKROOT = auto;
				SUPPORTED_PLATFORMS = "iphoneos iphonesimulator";
				SUPPORTS_MACCATALYST = NO;
				SUPPORTS_MAC_DESIGNED_FOR_IPHONE_IPAD = YES;
				SWIFT_EMIT_LOC_STRINGS = NO;
				SWIFT_VERSION = 5.0;
				TARGETED_DEVICE_FAMILY = 2;
				TEST_HOST = "$(BUILT_PRODUCTS_DIR)/EmojiMatchingGame.app/$(BUNDLE_EXECUTABLE_FOLDER_PATH)/EmojiMatchingGame";
			};
			name = Release;
		};
		4ED35E4C2A55B146004B54AC /* Debug */ = {
			isa = XCBuildConfiguration;
			buildSettings = {
				ALWAYS_SEARCH_USER_PATHS = NO;
				ASSETCATALOG_COMPILER_GENERATE_SWIFT_ASSET_SYMBOL_EXTENSIONS = YES;
				CLANG_ANALYZER_LOCALIZABILITY_NONLOCALIZED = YES;
				CLANG_ANALYZER_NONNULL = YES;
				CLANG_ANALYZER_NUMBER_OBJECT_CONVERSION = YES_AGGRESSIVE;
				CLANG_CXX_LANGUAGE_STANDARD = "gnu++20";
				CLANG_ENABLE_MODULES = YES;
				CLANG_ENABLE_OBJC_ARC = YES;
				CLANG_ENABLE_OBJC_WEAK = YES;
				CLANG_WARN_BLOCK_CAPTURE_AUTORELEASING = YES;
				CLANG_WARN_BOOL_CONVERSION = YES;
				CLANG_WARN_COMMA = YES;
				CLANG_WARN_CONSTANT_CONVERSION = YES;
				CLANG_WARN_DEPRECATED_OBJC_IMPLEMENTATIONS = YES;
				CLANG_WARN_DIRECT_OBJC_ISA_USAGE = YES_ERROR;
				CLANG_WARN_DOCUMENTATION_COMMENTS = YES;
				CLANG_WARN_EMPTY_BODY = YES;
				CLANG_WARN_ENUM_CONVERSION = YES;
				CLANG_WARN_INFINITE_RECURSION = YES;
				CLANG_WARN_INT_CONVERSION = YES;
				CLANG_WARN_NON_LITERAL_NULL_CONVERSION = YES;
				CLANG_WARN_OBJC_IMPLICIT_RETAIN_SELF = YES;
				CLANG_WARN_OBJC_LITERAL_CONVERSION = YES;
				CLANG_WARN_OBJC_ROOT_CLASS = YES_ERROR;
				CLANG_WARN_QUOTED_INCLUDE_IN_FRAMEWORK_HEADER = YES;
				CLANG_WARN_RANGE_LOOP_ANALYSIS = YES;
				CLANG_WARN_STRICT_PROTOTYPES = YES;
				CLANG_WARN_SUSPICIOUS_MOVE = YES;
				CLANG_WARN_UNGUARDED_AVAILABILITY = YES_AGGRESSIVE;
				CLANG_WARN_UNREACHABLE_CODE = YES;
				CLANG_WARN__DUPLICATE_METHOD_MATCH = YES;
				COPY_PHASE_STRIP = NO;
				DEBUG_INFORMATION_FORMAT = dwarf;
				ENABLE_STRICT_OBJC_MSGSEND = YES;
				ENABLE_TESTABILITY = YES;
				ENABLE_USER_SCRIPT_SANDBOXING = YES;
				GCC_C_LANGUAGE_STANDARD = gnu11;
				GCC_DYNAMIC_NO_PIC = NO;
				GCC_NO_COMMON_BLOCKS = YES;
				GCC_OPTIMIZATION_LEVEL = 0;
				GCC_PREPROCESSOR_DEFINITIONS = (
					"DEBUG=1",
					"$(inherited)",
				);
				GCC_WARN_64_TO_32_BIT_CONVERSION = YES;
				GCC_WARN_ABOUT_RETURN_TYPE = YES_ERROR;
				GCC_WARN_UNDECLARED_SELECTOR = YES;
				GCC_WARN_UNINITIALIZED_AUTOS = YES_AGGRESSIVE;
				GCC_WARN_UNUSED_FUNCTION = YES;
				GCC_WARN_UNUSED_VARIABLE = YES;
				IPHONEOS_DEPLOYMENT_TARGET = 15.0;
				MTL_ENABLE_DEBUG_INFO = INCLUDE_SOURCE;
				MTL_FAST_MATH = YES;
				ONLY_ACTIVE_ARCH = YES;
				SDKROOT = iphoneos;
				SWIFT_ACTIVE_COMPILATION_CONDITIONS = DEBUG;
				SWIFT_EMIT_LOC_STRINGS = YES;
				SWIFT_OPTIMIZATION_LEVEL = "-Onone";
			};
			name = Debug;
		};
		4ED35E4D2A55B146004B54AC /* Release */ = {
			isa = XCBuildConfiguration;
			buildSettings = {
				ALWAYS_SEARCH_USER_PATHS = NO;
				ASSETCATALOG_COMPILER_GENERATE_SWIFT_ASSET_SYMBOL_EXTENSIONS = YES;
				CLANG_ANALYZER_LOCALIZABILITY_NONLOCALIZED = YES;
				CLANG_ANALYZER_NONNULL = YES;
				CLANG_ANALYZER_NUMBER_OBJECT_CONVERSION = YES_AGGRESSIVE;
				CLANG_CXX_LANGUAGE_STANDARD = "gnu++20";
				CLANG_ENABLE_MODULES = YES;
				CLANG_ENABLE_OBJC_ARC = YES;
				CLANG_ENABLE_OBJC_WEAK = YES;
				CLANG_WARN_BLOCK_CAPTURE_AUTORELEASING = YES;
				CLANG_WARN_BOOL_CONVERSION = YES;
				CLANG_WARN_COMMA = YES;
				CLANG_WARN_CONSTANT_CONVERSION = YES;
				CLANG_WARN_DEPRECATED_OBJC_IMPLEMENTATIONS = YES;
				CLANG_WARN_DIRECT_OBJC_ISA_USAGE = YES_ERROR;
				CLANG_WARN_DOCUMENTATION_COMMENTS = YES;
				CLANG_WARN_EMPTY_BODY = YES;
				CLANG_WARN_ENUM_CONVERSION = YES;
				CLANG_WARN_INFINITE_RECURSION = YES;
				CLANG_WARN_INT_CONVERSION = YES;
				CLANG_WARN_NON_LITERAL_NULL_CONVERSION = YES;
				CLANG_WARN_OBJC_IMPLICIT_RETAIN_SELF = YES;
				CLANG_WARN_OBJC_LITERAL_CONVERSION = YES;
				CLANG_WARN_OBJC_ROOT_CLASS = YES_ERROR;
				CLANG_WARN_QUOTED_INCLUDE_IN_FRAMEWORK_HEADER = YES;
				CLANG_WARN_RANGE_LOOP_ANALYSIS = YES;
				CLANG_WARN_STRICT_PROTOTYPES = YES;
				CLANG_WARN_SUSPICIOUS_MOVE = YES;
				CLANG_WARN_UNGUARDED_AVAILABILITY = YES_AGGRESSIVE;
				CLANG_WARN_UNREACHABLE_CODE = YES;
				CLANG_WARN__DUPLICATE_METHOD_MATCH = YES;
				COPY_PHASE_STRIP = NO;
				DEBUG_INFORMATION_FORMAT = "dwarf-with-dsym";
				ENABLE_NS_ASSERTIONS = NO;
				ENABLE_STRICT_OBJC_MSGSEND = YES;
				ENABLE_USER_SCRIPT_SANDBOXING = YES;
				GCC_C_LANGUAGE_STANDARD = gnu11;
				GCC_NO_COMMON_BLOCKS = YES;
				GCC_WARN_64_TO_32_BIT_CONVERSION = YES;
				GCC_WARN_ABOUT_RETURN_TYPE = YES_ERROR;
				GCC_WARN_UNDECLARED_SELECTOR = YES;
				GCC_WARN_UNINITIALIZED_AUTOS = YES_AGGRESSIVE;
				GCC_WARN_UNUSED_FUNCTION = YES;
				GCC_WARN_UNUSED_VARIABLE = YES;
				IPHONEOS_DEPLOYMENT_TARGET = 15.0;
				MTL_ENABLE_DEBUG_INFO = NO;
				MTL_FAST_MATH = YES;
				SDKROOT = iphoneos;
				SWIFT_COMPILATION_MODE = wholemodule;
				SWIFT_EMIT_LOC_STRINGS = YES;
				SWIFT_OPTIMIZATION_LEVEL = "-O";
				VALIDATE_PRODUCT = YES;
			};
			name = Release;
		};
		4ED35E4F2A55B146004B54AC /* Debug */ = {
			isa = XCBuildConfiguration;
			buildSettings = {
				ASSETCATALOG_COMPILER_APPICON_NAME = AppIcon;
				ASSETCATALOG_COMPILER_GLOBAL_ACCENT_COLOR_NAME = AccentColor;
				ASSETCATALOG_COMPILER_INCLUDE_ALL_APPICON_ASSETS = NO;
				CODE_SIGN_STYLE = Automatic;
				CURRENT_PROJECT_VERSION = 1;
				DEVELOPMENT_TEAM = 8532FW2M88;
				GENERATE_INFOPLIST_FILE = YES;
				INFOPLIST_FILE = EmojiMatchingGame/Info.plist;
				INFOPLIST_KEY_CFBundleDisplayName = "Emoji matching";
				INFOPLIST_KEY_LSApplicationCategoryType = "public.app-category.games";
				INFOPLIST_KEY_UIApplicationSupportsIndirectInputEvents = YES;
				INFOPLIST_KEY_UILaunchStoryboardName = LaunchScreen;
				INFOPLIST_KEY_UIRequiresFullScreen = YES;
				INFOPLIST_KEY_UISupportedInterfaceOrientations_iPad = "UIInterfaceOrientationPortrait UIInterfaceOrientationPortraitUpsideDown UIInterfaceOrientationLandscapeLeft UIInterfaceOrientationLandscapeRight";
				INFOPLIST_KEY_UISupportedInterfaceOrientations_iPhone = "UIInterfaceOrientationPortrait UIInterfaceOrientationLandscapeLeft UIInterfaceOrientationLandscapeRight";
				IPHONEOS_DEPLOYMENT_TARGET = 15.0;
				LD_RUNPATH_SEARCH_PATHS = (
					"$(inherited)",
					"@executable_path/Frameworks",
				);
				MARKETING_VERSION = 1.0;
				PRODUCT_BUNDLE_IDENTIFIER = ru.Vladimir.Lesnykh.EmojiMatchingGame;
				PRODUCT_NAME = "$(TARGET_NAME)";
				SUPPORTED_PLATFORMS = "iphoneos iphonesimulator";
				SUPPORTS_MACCATALYST = NO;
				SUPPORTS_MAC_DESIGNED_FOR_IPHONE_IPAD = YES;
				SWIFT_EMIT_LOC_STRINGS = YES;
				SWIFT_VERSION = 5.0;
				TARGETED_DEVICE_FAMILY = 2;
			};
			name = Debug;
		};
		4ED35E502A55B146004B54AC /* Release */ = {
			isa = XCBuildConfiguration;
			buildSettings = {
				ASSETCATALOG_COMPILER_APPICON_NAME = AppIcon;
				ASSETCATALOG_COMPILER_GLOBAL_ACCENT_COLOR_NAME = AccentColor;
				ASSETCATALOG_COMPILER_INCLUDE_ALL_APPICON_ASSETS = NO;
				CODE_SIGN_STYLE = Automatic;
				CURRENT_PROJECT_VERSION = 1;
				DEVELOPMENT_TEAM = 8532FW2M88;
				GENERATE_INFOPLIST_FILE = YES;
				INFOPLIST_FILE = EmojiMatchingGame/Info.plist;
				INFOPLIST_KEY_CFBundleDisplayName = "Emoji matching";
				INFOPLIST_KEY_LSApplicationCategoryType = "public.app-category.games";
				INFOPLIST_KEY_UIApplicationSupportsIndirectInputEvents = YES;
				INFOPLIST_KEY_UILaunchStoryboardName = LaunchScreen;
				INFOPLIST_KEY_UIRequiresFullScreen = YES;
				INFOPLIST_KEY_UISupportedInterfaceOrientations_iPad = "UIInterfaceOrientationPortrait UIInterfaceOrientationPortraitUpsideDown UIInterfaceOrientationLandscapeLeft UIInterfaceOrientationLandscapeRight";
				INFOPLIST_KEY_UISupportedInterfaceOrientations_iPhone = "UIInterfaceOrientationPortrait UIInterfaceOrientationLandscapeLeft UIInterfaceOrientationLandscapeRight";
				IPHONEOS_DEPLOYMENT_TARGET = 15.0;
				LD_RUNPATH_SEARCH_PATHS = (
					"$(inherited)",
					"@executable_path/Frameworks",
				);
				MARKETING_VERSION = 1.0;
				PRODUCT_BUNDLE_IDENTIFIER = ru.Vladimir.Lesnykh.EmojiMatchingGame;
				PRODUCT_NAME = "$(TARGET_NAME)";
				SUPPORTED_PLATFORMS = "iphoneos iphonesimulator";
				SUPPORTS_MACCATALYST = NO;
				SUPPORTS_MAC_DESIGNED_FOR_IPHONE_IPAD = YES;
				SWIFT_EMIT_LOC_STRINGS = YES;
				SWIFT_VERSION = 5.0;
				TARGETED_DEVICE_FAMILY = 2;
			};
			name = Release;
		};
/* End XCBuildConfiguration section */

/* Begin XCConfigurationList section */
		4E06780A2B309DA300493EA2 /* Build configuration list for PBXNativeTarget "EmojiMatchingGameTests" */ = {
			isa = XCConfigurationList;
			buildConfigurations = (
				4E0678082B309DA300493EA2 /* Debug */,
				4E0678092B309DA300493EA2 /* Release */,
			);
			defaultConfigurationIsVisible = 0;
			defaultConfigurationName = Release;
		};
		4ED35E352A55B145004B54AC /* Build configuration list for PBXProject "EmojiMatchingGame" */ = {
			isa = XCConfigurationList;
			buildConfigurations = (
				4ED35E4C2A55B146004B54AC /* Debug */,
				4ED35E4D2A55B146004B54AC /* Release */,
			);
			defaultConfigurationIsVisible = 0;
			defaultConfigurationName = Release;
		};
		4ED35E4E2A55B146004B54AC /* Build configuration list for PBXNativeTarget "EmojiMatchingGame" */ = {
			isa = XCConfigurationList;
			buildConfigurations = (
				4ED35E4F2A55B146004B54AC /* Debug */,
				4ED35E502A55B146004B54AC /* Release */,
			);
			defaultConfigurationIsVisible = 0;
			defaultConfigurationName = Release;
		};
/* End XCConfigurationList section */
	};
	rootObject = 4ED35E322A55B145004B54AC /* Project object */;
}
